// !$*UTF8*$!
{
	archiveVersion = 1;
	classes = {
	};
	objectVersion = 55;
	objects = {

/* Begin PBXBuildFile section */
		6F4F68E2EF6DA95EF101184A /* Pods_Posterr.framework in Frameworks */ = {isa = PBXBuildFile; fileRef = C322F6D74E4DDBF7675C4455 /* Pods_Posterr.framework */; };
		88A6F816825ECF6DD3B36FD7 /* Pods_PosterrUITests.framework in Frameworks */ = {isa = PBXBuildFile; fileRef = F55A6356117A869E5CF64FF7 /* Pods_PosterrUITests.framework */; };
		B61C8A88618375409A113B38 /* Pods_PosterrTests.framework in Frameworks */ = {isa = PBXBuildFile; fileRef = B8903D7E85F12173A3607293 /* Pods_PosterrTests.framework */; };
		BD05192C28C19A6D0051DB34 /* CreatePostView.swift in Sources */ = {isa = PBXBuildFile; fileRef = BD05192B28C19A6D0051DB34 /* CreatePostView.swift */; };
		BD05192E28C228A00051DB34 /* CreateRepostView.swift in Sources */ = {isa = PBXBuildFile; fileRef = BD05192D28C228A00051DB34 /* CreateRepostView.swift */; };
		BD05193128C295450051DB34 /* PostType.swift in Sources */ = {isa = PBXBuildFile; fileRef = BD05193028C295450051DB34 /* PostType.swift */; };
		BD05193528C30F2E0051DB34 /* Date+StripTime.swift in Sources */ = {isa = PBXBuildFile; fileRef = BD05193428C30F2E0051DB34 /* Date+StripTime.swift */; };
		BD05193828C398650051DB34 /* ProfileBuilder.swift in Sources */ = {isa = PBXBuildFile; fileRef = BD05193728C398650051DB34 /* ProfileBuilder.swift */; };
		BD05193A28C398700051DB34 /* ProfileInteractor.swift in Sources */ = {isa = PBXBuildFile; fileRef = BD05193928C398700051DB34 /* ProfileInteractor.swift */; };
		BD05193C28C398780051DB34 /* ProfileRouter.swift in Sources */ = {isa = PBXBuildFile; fileRef = BD05193B28C398780051DB34 /* ProfileRouter.swift */; };
		BD05193E28C398840051DB34 /* ProfileViewController.swift in Sources */ = {isa = PBXBuildFile; fileRef = BD05193D28C398840051DB34 /* ProfileViewController.swift */; };
		BD05194028C3A2390051DB34 /* ProfileHeaderView.swift in Sources */ = {isa = PBXBuildFile; fileRef = BD05193F28C3A2390051DB34 /* ProfileHeaderView.swift */; };
		BD05194428C3B8840051DB34 /* Array+Posts.swift in Sources */ = {isa = PBXBuildFile; fileRef = BD05194328C3B8840051DB34 /* Array+Posts.swift */; };
		BD05194928C3C6950051DB34 /* PosterrAppConfig.plist in Resources */ = {isa = PBXBuildFile; fileRef = BD05194828C3C6950051DB34 /* PosterrAppConfig.plist */; };
		BD05194B28C3E1860051DB34 /* AppConfig.swift in Sources */ = {isa = PBXBuildFile; fileRef = BD05194A28C3E1860051DB34 /* AppConfig.swift */; };
		BD05194E28C3EF9B0051DB34 /* AppConfigMock.swift in Sources */ = {isa = PBXBuildFile; fileRef = BD05194D28C3EF9B0051DB34 /* AppConfigMock.swift */; };
		BD05195328C403BB0051DB34 /* Localization.strings in Resources */ = {isa = PBXBuildFile; fileRef = BD05195528C403BB0051DB34 /* Localization.strings */; };
		BD05195928C4093A0051DB34 /* Strings-Posterr.swift in Sources */ = {isa = PBXBuildFile; fileRef = BD05195828C4093A0051DB34 /* Strings-Posterr.swift */; };
		BD05195D28C428A20051DB34 /* ProfileImageViewTests.swift in Sources */ = {isa = PBXBuildFile; fileRef = BD05195C28C428A20051DB34 /* ProfileImageViewTests.swift */; };
		BD05196028C42E5B0051DB34 /* SnapshotViewTestable.swift in Sources */ = {isa = PBXBuildFile; fileRef = BD05195F28C42E5B0051DB34 /* SnapshotViewTestable.swift */; };
		BD05196228C42F530051DB34 /* PostsTableViewTests.swift in Sources */ = {isa = PBXBuildFile; fileRef = BD05196128C42F530051DB34 /* PostsTableViewTests.swift */; };
		BD05196428C4330D0051DB34 /* PostHeaderViewTests.swift in Sources */ = {isa = PBXBuildFile; fileRef = BD05196328C4330D0051DB34 /* PostHeaderViewTests.swift */; };
		BD05196828C434630051DB34 /* ParentPostViewTests.swift in Sources */ = {isa = PBXBuildFile; fileRef = BD05196728C434630051DB34 /* ParentPostViewTests.swift */; };
		BD05196E28C44BE70051DB34 /* HomeViewControllerTests.swift in Sources */ = {isa = PBXBuildFile; fileRef = BD05196D28C44BE70051DB34 /* HomeViewControllerTests.swift */; };
		BD05197828C44FC80051DB34 /* CreatePostViewControllerTests.swift in Sources */ = {isa = PBXBuildFile; fileRef = BD05197728C44FC80051DB34 /* CreatePostViewControllerTests.swift */; };
		BD05198728C452B70051DB34 /* ProfileViewControllerTests.swift in Sources */ = {isa = PBXBuildFile; fileRef = BD05198628C452B70051DB34 /* ProfileViewControllerTests.swift */; };
		BD05198928C454E90051DB34 /* ParentPostViewModelMock.swift in Sources */ = {isa = PBXBuildFile; fileRef = BD05198828C454E90051DB34 /* ParentPostViewModelMock.swift */; };
		BD05198B28C455090051DB34 /* PostHeaderViewModelMock.swift in Sources */ = {isa = PBXBuildFile; fileRef = BD05198A28C455090051DB34 /* PostHeaderViewModelMock.swift */; };
		BD07657E28BBD4FE00725121 /* AppDelegate.swift in Sources */ = {isa = PBXBuildFile; fileRef = BD07657D28BBD4FE00725121 /* AppDelegate.swift */; };
		BD07658728BBD50000725121 /* Assets.xcassets in Resources */ = {isa = PBXBuildFile; fileRef = BD07658628BBD50000725121 /* Assets.xcassets */; };
		BD07658A28BBD50000725121 /* LaunchScreen.storyboard in Resources */ = {isa = PBXBuildFile; fileRef = BD07658828BBD50000725121 /* LaunchScreen.storyboard */; };
		BD237EED28BE3A52005307C5 /* posterr_test.db in Resources */ = {isa = PBXBuildFile; fileRef = BDF96FCF28BE37C8004192D4 /* posterr_test.db */; };
		BD237EF028BE3B8E005307C5 /* InMemorySessionServiceTests.swift in Sources */ = {isa = PBXBuildFile; fileRef = BD237EEF28BE3B8E005307C5 /* InMemorySessionServiceTests.swift */; };
		BD237EF328BE3CEF005307C5 /* PostSQLServiceTests.swift in Sources */ = {isa = PBXBuildFile; fileRef = BD237EF228BE3CEF005307C5 /* PostSQLServiceTests.swift */; };
		BD237EF928BF7414005307C5 /* HomeRouter.swift in Sources */ = {isa = PBXBuildFile; fileRef = BD237EF828BF7414005307C5 /* HomeRouter.swift */; };
		BD237EFB28BF741D005307C5 /* HomeInteractor.swift in Sources */ = {isa = PBXBuildFile; fileRef = BD237EFA28BF741D005307C5 /* HomeInteractor.swift */; };
		BD237EFD28BF742C005307C5 /* HomeBuilder.swift in Sources */ = {isa = PBXBuildFile; fileRef = BD237EFC28BF742C005307C5 /* HomeBuilder.swift */; };
		BD237EFF28BF7446005307C5 /* HomeViewController.swift in Sources */ = {isa = PBXBuildFile; fileRef = BD237EFE28BF7446005307C5 /* HomeViewController.swift */; };
		BD2C16F128BF8F1400E0EF02 /* ProfileBarView.swift in Sources */ = {isa = PBXBuildFile; fileRef = BD2C16F028BF8F1400E0EF02 /* ProfileBarView.swift */; };
		BD2C16F628BF9BA600E0EF02 /* ProfileImageView.swift in Sources */ = {isa = PBXBuildFile; fileRef = BD2C16F528BF9BA600E0EF02 /* ProfileImageView.swift */; };
		BD2C16F928BFA96000E0EF02 /* String+Image.swift in Sources */ = {isa = PBXBuildFile; fileRef = BD2C16F828BFA96000E0EF02 /* String+Image.swift */; };
		BD38583E28C0154B00CF9CB3 /* PostTableViewCell.swift in Sources */ = {isa = PBXBuildFile; fileRef = BD38583D28C0154B00CF9CB3 /* PostTableViewCell.swift */; };
		BD38584028C0158A00CF9CB3 /* ParentPostView.swift in Sources */ = {isa = PBXBuildFile; fileRef = BD38583F28C0158A00CF9CB3 /* ParentPostView.swift */; };
		BD38584228C029D500CF9CB3 /* QuoteTableViewCell.swift in Sources */ = {isa = PBXBuildFile; fileRef = BD38584128C029D500CF9CB3 /* QuoteTableViewCell.swift */; };
		BD38584428C02E6400CF9CB3 /* RepostTableViewCell.swift in Sources */ = {isa = PBXBuildFile; fileRef = BD38584328C02E6400CF9CB3 /* RepostTableViewCell.swift */; };
		BD38584928C0654500CF9CB3 /* ViewCodable.swift in Sources */ = {isa = PBXBuildFile; fileRef = BD38584828C0654500CF9CB3 /* ViewCodable.swift */; };
		BD38584B28C0672500CF9CB3 /* CellIdentifiable.swift in Sources */ = {isa = PBXBuildFile; fileRef = BD38584A28C0672500CF9CB3 /* CellIdentifiable.swift */; };
		BD38584D28C067B700CF9CB3 /* PostHeaderView.swift in Sources */ = {isa = PBXBuildFile; fileRef = BD38584C28C067B700CF9CB3 /* PostHeaderView.swift */; };
		BD38585228C0DDF900CF9CB3 /* Post+ViewModels.swift in Sources */ = {isa = PBXBuildFile; fileRef = BD38585128C0DDF900CF9CB3 /* Post+ViewModels.swift */; };
		BD38585428C13DED00CF9CB3 /* ViewModelSettable.swift in Sources */ = {isa = PBXBuildFile; fileRef = BD38585328C13DED00CF9CB3 /* ViewModelSettable.swift */; };
		BD38585628C13E5900CF9CB3 /* PostsTableView.swift in Sources */ = {isa = PBXBuildFile; fileRef = BD38585528C13E5900CF9CB3 /* PostsTableView.swift */; };
		BD38585A28C14BBA00CF9CB3 /* PostsTableViewDataSource.swift in Sources */ = {isa = PBXBuildFile; fileRef = BD38585928C14BBA00CF9CB3 /* PostsTableViewDataSource.swift */; };
		BD38585F28C15D5200CF9CB3 /* CreatePostBuilder.swift in Sources */ = {isa = PBXBuildFile; fileRef = BD38585E28C15D5200CF9CB3 /* CreatePostBuilder.swift */; };
		BD38586128C15D5B00CF9CB3 /* CreatePostInteractor.swift in Sources */ = {isa = PBXBuildFile; fileRef = BD38586028C15D5B00CF9CB3 /* CreatePostInteractor.swift */; };
		BD38586328C15D6600CF9CB3 /* CreatePostRouter.swift in Sources */ = {isa = PBXBuildFile; fileRef = BD38586228C15D6600CF9CB3 /* CreatePostRouter.swift */; };
		BD38586528C15D7000CF9CB3 /* CreatePostViewController.swift in Sources */ = {isa = PBXBuildFile; fileRef = BD38586428C15D7000CF9CB3 /* CreatePostViewController.swift */; };
		BDE8512428C4FCFC008FFC67 /* HomeUITests.swift in Sources */ = {isa = PBXBuildFile; fileRef = BDE8512328C4FCFC008FFC67 /* HomeUITests.swift */; };
		BDE8512928C4FEC6008FFC67 /* SQLDatabaseCleaner.swift in Sources */ = {isa = PBXBuildFile; fileRef = BD237EF428BE3F4D005307C5 /* SQLDatabaseCleaner.swift */; };
		BDE8512B28C50D65008FFC67 /* CreatePostUITests.swift in Sources */ = {isa = PBXBuildFile; fileRef = BDE8512A28C50D65008FFC67 /* CreatePostUITests.swift */; };
		BDE8512E28C51A62008FFC67 /* ProfileUITests.swift in Sources */ = {isa = PBXBuildFile; fileRef = BDE8512D28C51A62008FFC67 /* ProfileUITests.swift */; };
		BDE8513128C5478B008FFC67 /* HomeBuilderTests.swift in Sources */ = {isa = PBXBuildFile; fileRef = BDE8513028C5478B008FFC67 /* HomeBuilderTests.swift */; };
		BDE8513328C547DA008FFC67 /* SessionServiceMock.swift in Sources */ = {isa = PBXBuildFile; fileRef = BDE8513228C547DA008FFC67 /* SessionServiceMock.swift */; };
		BDE8513528C54829008FFC67 /* PostsServiceMock.swift in Sources */ = {isa = PBXBuildFile; fileRef = BDE8513428C54829008FFC67 /* PostsServiceMock.swift */; };
		BDE8513728C54954008FFC67 /* HomeInteractorTests.swift in Sources */ = {isa = PBXBuildFile; fileRef = BDE8513628C54954008FFC67 /* HomeInteractorTests.swift */; };
		BDE8513928C54A13008FFC67 /* HomePresenterSpy.swift in Sources */ = {isa = PBXBuildFile; fileRef = BDE8513828C54A13008FFC67 /* HomePresenterSpy.swift */; };
		BDE8513B28C54BAC008FFC67 /* HomeRouterSpy.swift in Sources */ = {isa = PBXBuildFile; fileRef = BDE8513A28C54BAC008FFC67 /* HomeRouterSpy.swift */; };
		BDE8513E28C55203008FFC67 /* CreatePostBuilderTests.swift in Sources */ = {isa = PBXBuildFile; fileRef = BDE8513D28C55203008FFC67 /* CreatePostBuilderTests.swift */; };
		BDE8514028C552F4008FFC67 /* CreatePostInteractorTests.swift in Sources */ = {isa = PBXBuildFile; fileRef = BDE8513F28C552F4008FFC67 /* CreatePostInteractorTests.swift */; };
		BDE8514228C55349008FFC67 /* CreatePostPresenterSpy.swift in Sources */ = {isa = PBXBuildFile; fileRef = BDE8514128C55349008FFC67 /* CreatePostPresenterSpy.swift */; };
		BDE8514428C553E9008FFC67 /* CreatePostRouterSpy.swift in Sources */ = {isa = PBXBuildFile; fileRef = BDE8514328C553E9008FFC67 /* CreatePostRouterSpy.swift */; };
		BDE8514628C5548F008FFC67 /* CreatePostInteractorListenerMock.swift in Sources */ = {isa = PBXBuildFile; fileRef = BDE8514528C5548F008FFC67 /* CreatePostInteractorListenerMock.swift */; };
		BDE8514928C55B62008FFC67 /* ProfileBuilderTests.swift in Sources */ = {isa = PBXBuildFile; fileRef = BDE8514828C55B62008FFC67 /* ProfileBuilderTests.swift */; };
		BDE8514B28C55BAA008FFC67 /* ProfileInteractorTests.swift in Sources */ = {isa = PBXBuildFile; fileRef = BDE8514A28C55BAA008FFC67 /* ProfileInteractorTests.swift */; };
		BDE8514D28C55BDB008FFC67 /* ProfileRouterSpy.swift in Sources */ = {isa = PBXBuildFile; fileRef = BDE8514C28C55BDB008FFC67 /* ProfileRouterSpy.swift */; };
		BDE8514F28C55C9A008FFC67 /* ProfilePresenterSpy.swift in Sources */ = {isa = PBXBuildFile; fileRef = BDE8514E28C55C9A008FFC67 /* ProfilePresenterSpy.swift */; };
		BDE8515128C55DFA008FFC67 /* ProfileInteractorListenerMock.swift in Sources */ = {isa = PBXBuildFile; fileRef = BDE8515028C55DFA008FFC67 /* ProfileInteractorListenerMock.swift */; };
		BDE8515428C55F0C008FFC67 /* PostType+Equatable.swift in Sources */ = {isa = PBXBuildFile; fileRef = BDE8515328C55F0C008FFC67 /* PostType+Equatable.swift */; };
		BDE8515628C59FE5008FFC67 /* Date+TestDate.swift in Sources */ = {isa = PBXBuildFile; fileRef = BDE8515528C59FE5008FFC67 /* Date+TestDate.swift */; };
		BDF96FAD28BC1CAF004192D4 /* posterr.db in Resources */ = {isa = PBXBuildFile; fileRef = BDF96FAC28BC1CAF004192D4 /* posterr.db */; };
		BDF96FAF28BCECA3004192D4 /* DatabaseHelper.swift in Sources */ = {isa = PBXBuildFile; fileRef = BDF96FAE28BCECA3004192D4 /* DatabaseHelper.swift */; };
		BDF96FB428BCEECB004192D4 /* UserService.swift in Sources */ = {isa = PBXBuildFile; fileRef = BDF96FB328BCEECB004192D4 /* UserService.swift */; };
		BDF96FB728BCEEEF004192D4 /* User.swift in Sources */ = {isa = PBXBuildFile; fileRef = BDF96FB628BCEEEF004192D4 /* User.swift */; };
		BDF96FBA28BCEF66004192D4 /* SessionService.swift in Sources */ = {isa = PBXBuildFile; fileRef = BDF96FB928BCEF66004192D4 /* SessionService.swift */; };
		BDF96FBC28BCEFCD004192D4 /* InMemorySessionService.swift in Sources */ = {isa = PBXBuildFile; fileRef = BDF96FBB28BCEFCD004192D4 /* InMemorySessionService.swift */; };
		BDF96FBE28BCF045004192D4 /* UserSQLService.swift in Sources */ = {isa = PBXBuildFile; fileRef = BDF96FBD28BCF045004192D4 /* UserSQLService.swift */; };
		BDF96FC228BCF9FC004192D4 /* UserLogging.swift in Sources */ = {isa = PBXBuildFile; fileRef = BDF96FC128BCF9FC004192D4 /* UserLogging.swift */; };
		BDF96FC528BD6DB1004192D4 /* PostService.swift in Sources */ = {isa = PBXBuildFile; fileRef = BDF96FC428BD6DB1004192D4 /* PostService.swift */; };
		BDF96FC728BD6DD0004192D4 /* Post.swift in Sources */ = {isa = PBXBuildFile; fileRef = BDF96FC628BD6DD0004192D4 /* Post.swift */; };
		BDF96FC928BD715E004192D4 /* PostSQLService.swift in Sources */ = {isa = PBXBuildFile; fileRef = BDF96FC828BD715E004192D4 /* PostSQLService.swift */; };
		BDF96FCD28BE3735004192D4 /* UserSQLServiceTests.swift in Sources */ = {isa = PBXBuildFile; fileRef = BDF96FCC28BE3735004192D4 /* UserSQLServiceTests.swift */; };
/* End PBXBuildFile section */

/* Begin PBXContainerItemProxy section */
		BD07659128BBD50100725121 /* PBXContainerItemProxy */ = {
			isa = PBXContainerItemProxy;
			containerPortal = BD07657228BBD4FE00725121 /* Project object */;
			proxyType = 1;
			remoteGlobalIDString = BD07657928BBD4FE00725121;
			remoteInfo = Posterr;
		};
		BD07659B28BBD50100725121 /* PBXContainerItemProxy */ = {
			isa = PBXContainerItemProxy;
			containerPortal = BD07657228BBD4FE00725121 /* Project object */;
			proxyType = 1;
			remoteGlobalIDString = BD07657928BBD4FE00725121;
			remoteInfo = Posterr;
		};
/* End PBXContainerItemProxy section */

/* Begin PBXFileReference section */
		0CE411280813FD7205CF15A5 /* Pods-PosterrUITests.uitesting.xcconfig */ = {isa = PBXFileReference; includeInIndex = 1; lastKnownFileType = text.xcconfig; name = "Pods-PosterrUITests.uitesting.xcconfig"; path = "Target Support Files/Pods-PosterrUITests/Pods-PosterrUITests.uitesting.xcconfig"; sourceTree = "<group>"; };
		6A33B8F215E85FFBF487C559 /* Pods-Posterr.uitesting.xcconfig */ = {isa = PBXFileReference; includeInIndex = 1; lastKnownFileType = text.xcconfig; name = "Pods-Posterr.uitesting.xcconfig"; path = "Target Support Files/Pods-Posterr/Pods-Posterr.uitesting.xcconfig"; sourceTree = "<group>"; };
		7B757970E9D6C24D1546846C /* Pods-PosterrTests.release.xcconfig */ = {isa = PBXFileReference; includeInIndex = 1; lastKnownFileType = text.xcconfig; name = "Pods-PosterrTests.release.xcconfig"; path = "Target Support Files/Pods-PosterrTests/Pods-PosterrTests.release.xcconfig"; sourceTree = "<group>"; };
		80BFC6AA31570BAE0CAC52FB /* Pods-PosterrTests.uitesting.xcconfig */ = {isa = PBXFileReference; includeInIndex = 1; lastKnownFileType = text.xcconfig; name = "Pods-PosterrTests.uitesting.xcconfig"; path = "Target Support Files/Pods-PosterrTests/Pods-PosterrTests.uitesting.xcconfig"; sourceTree = "<group>"; };
		97FD2D27D63C1901C8B967AD /* Pods-PosterrUITests.release.xcconfig */ = {isa = PBXFileReference; includeInIndex = 1; lastKnownFileType = text.xcconfig; name = "Pods-PosterrUITests.release.xcconfig"; path = "Target Support Files/Pods-PosterrUITests/Pods-PosterrUITests.release.xcconfig"; sourceTree = "<group>"; };
		ABC7897477489A6AC171F2E7 /* Pods-PosterrTests.debug.xcconfig */ = {isa = PBXFileReference; includeInIndex = 1; lastKnownFileType = text.xcconfig; name = "Pods-PosterrTests.debug.xcconfig"; path = "Target Support Files/Pods-PosterrTests/Pods-PosterrTests.debug.xcconfig"; sourceTree = "<group>"; };
		B0878789B701FBBAC126C84B /* Pods-Posterr.release.xcconfig */ = {isa = PBXFileReference; includeInIndex = 1; lastKnownFileType = text.xcconfig; name = "Pods-Posterr.release.xcconfig"; path = "Target Support Files/Pods-Posterr/Pods-Posterr.release.xcconfig"; sourceTree = "<group>"; };
		B3C854572240285A99D25330 /* Pods-PosterrUITests.debug.xcconfig */ = {isa = PBXFileReference; includeInIndex = 1; lastKnownFileType = text.xcconfig; name = "Pods-PosterrUITests.debug.xcconfig"; path = "Target Support Files/Pods-PosterrUITests/Pods-PosterrUITests.debug.xcconfig"; sourceTree = "<group>"; };
		B8903D7E85F12173A3607293 /* Pods_PosterrTests.framework */ = {isa = PBXFileReference; explicitFileType = wrapper.framework; includeInIndex = 0; path = Pods_PosterrTests.framework; sourceTree = BUILT_PRODUCTS_DIR; };
		BD05192B28C19A6D0051DB34 /* CreatePostView.swift */ = {isa = PBXFileReference; lastKnownFileType = sourcecode.swift; path = CreatePostView.swift; sourceTree = "<group>"; };
		BD05192D28C228A00051DB34 /* CreateRepostView.swift */ = {isa = PBXFileReference; lastKnownFileType = sourcecode.swift; path = CreateRepostView.swift; sourceTree = "<group>"; };
		BD05193028C295450051DB34 /* PostType.swift */ = {isa = PBXFileReference; lastKnownFileType = sourcecode.swift; path = PostType.swift; sourceTree = "<group>"; };
		BD05193428C30F2E0051DB34 /* Date+StripTime.swift */ = {isa = PBXFileReference; lastKnownFileType = sourcecode.swift; path = "Date+StripTime.swift"; sourceTree = "<group>"; };
		BD05193728C398650051DB34 /* ProfileBuilder.swift */ = {isa = PBXFileReference; lastKnownFileType = sourcecode.swift; path = ProfileBuilder.swift; sourceTree = "<group>"; };
		BD05193928C398700051DB34 /* ProfileInteractor.swift */ = {isa = PBXFileReference; lastKnownFileType = sourcecode.swift; path = ProfileInteractor.swift; sourceTree = "<group>"; };
		BD05193B28C398780051DB34 /* ProfileRouter.swift */ = {isa = PBXFileReference; lastKnownFileType = sourcecode.swift; path = ProfileRouter.swift; sourceTree = "<group>"; };
		BD05193D28C398840051DB34 /* ProfileViewController.swift */ = {isa = PBXFileReference; lastKnownFileType = sourcecode.swift; path = ProfileViewController.swift; sourceTree = "<group>"; };
		BD05193F28C3A2390051DB34 /* ProfileHeaderView.swift */ = {isa = PBXFileReference; lastKnownFileType = sourcecode.swift; path = ProfileHeaderView.swift; sourceTree = "<group>"; };
		BD05194328C3B8840051DB34 /* Array+Posts.swift */ = {isa = PBXFileReference; lastKnownFileType = sourcecode.swift; path = "Array+Posts.swift"; sourceTree = "<group>"; };
		BD05194828C3C6950051DB34 /* PosterrAppConfig.plist */ = {isa = PBXFileReference; lastKnownFileType = text.plist.xml; path = PosterrAppConfig.plist; sourceTree = "<group>"; };
		BD05194A28C3E1860051DB34 /* AppConfig.swift */ = {isa = PBXFileReference; lastKnownFileType = sourcecode.swift; path = AppConfig.swift; sourceTree = "<group>"; };
		BD05194D28C3EF9B0051DB34 /* AppConfigMock.swift */ = {isa = PBXFileReference; lastKnownFileType = sourcecode.swift; path = AppConfigMock.swift; sourceTree = "<group>"; };
		BD05195428C403BB0051DB34 /* en */ = {isa = PBXFileReference; lastKnownFileType = text.plist.strings; name = en; path = en.lproj/Localization.strings; sourceTree = "<group>"; };
		BD05195828C4093A0051DB34 /* Strings-Posterr.swift */ = {isa = PBXFileReference; fileEncoding = 4; lastKnownFileType = sourcecode.swift; path = "Strings-Posterr.swift"; sourceTree = "<group>"; };
		BD05195C28C428A20051DB34 /* ProfileImageViewTests.swift */ = {isa = PBXFileReference; lastKnownFileType = sourcecode.swift; path = ProfileImageViewTests.swift; sourceTree = "<group>"; };
		BD05195F28C42E5B0051DB34 /* SnapshotViewTestable.swift */ = {isa = PBXFileReference; lastKnownFileType = sourcecode.swift; path = SnapshotViewTestable.swift; sourceTree = "<group>"; };
		BD05196128C42F530051DB34 /* PostsTableViewTests.swift */ = {isa = PBXFileReference; lastKnownFileType = sourcecode.swift; path = PostsTableViewTests.swift; sourceTree = "<group>"; };
		BD05196328C4330D0051DB34 /* PostHeaderViewTests.swift */ = {isa = PBXFileReference; lastKnownFileType = sourcecode.swift; path = PostHeaderViewTests.swift; sourceTree = "<group>"; };
		BD05196728C434630051DB34 /* ParentPostViewTests.swift */ = {isa = PBXFileReference; lastKnownFileType = sourcecode.swift; path = ParentPostViewTests.swift; sourceTree = "<group>"; };
		BD05196D28C44BE70051DB34 /* HomeViewControllerTests.swift */ = {isa = PBXFileReference; lastKnownFileType = sourcecode.swift; path = HomeViewControllerTests.swift; sourceTree = "<group>"; };
		BD05197728C44FC80051DB34 /* CreatePostViewControllerTests.swift */ = {isa = PBXFileReference; lastKnownFileType = sourcecode.swift; path = CreatePostViewControllerTests.swift; sourceTree = "<group>"; };
		BD05198628C452B70051DB34 /* ProfileViewControllerTests.swift */ = {isa = PBXFileReference; lastKnownFileType = sourcecode.swift; path = ProfileViewControllerTests.swift; sourceTree = "<group>"; };
		BD05198828C454E90051DB34 /* ParentPostViewModelMock.swift */ = {isa = PBXFileReference; lastKnownFileType = sourcecode.swift; path = ParentPostViewModelMock.swift; sourceTree = "<group>"; };
		BD05198A28C455090051DB34 /* PostHeaderViewModelMock.swift */ = {isa = PBXFileReference; lastKnownFileType = sourcecode.swift; path = PostHeaderViewModelMock.swift; sourceTree = "<group>"; };
		BD07657A28BBD4FE00725121 /* Posterr.app */ = {isa = PBXFileReference; explicitFileType = wrapper.application; includeInIndex = 0; path = Posterr.app; sourceTree = BUILT_PRODUCTS_DIR; };
		BD07657D28BBD4FE00725121 /* AppDelegate.swift */ = {isa = PBXFileReference; lastKnownFileType = sourcecode.swift; path = AppDelegate.swift; sourceTree = "<group>"; };
		BD07658628BBD50000725121 /* Assets.xcassets */ = {isa = PBXFileReference; lastKnownFileType = folder.assetcatalog; path = Assets.xcassets; sourceTree = "<group>"; };
		BD07658928BBD50000725121 /* Base */ = {isa = PBXFileReference; lastKnownFileType = file.storyboard; name = Base; path = Base.lproj/LaunchScreen.storyboard; sourceTree = "<group>"; };
		BD07658B28BBD50000725121 /* Info.plist */ = {isa = PBXFileReference; lastKnownFileType = text.plist.xml; path = Info.plist; sourceTree = "<group>"; };
		BD07659028BBD50100725121 /* PosterrTests.xctest */ = {isa = PBXFileReference; explicitFileType = wrapper.cfbundle; includeInIndex = 0; path = PosterrTests.xctest; sourceTree = BUILT_PRODUCTS_DIR; };
		BD07659A28BBD50100725121 /* PosterrUITests.xctest */ = {isa = PBXFileReference; explicitFileType = wrapper.cfbundle; includeInIndex = 0; path = PosterrUITests.xctest; sourceTree = BUILT_PRODUCTS_DIR; };
		BD237EEF28BE3B8E005307C5 /* InMemorySessionServiceTests.swift */ = {isa = PBXFileReference; lastKnownFileType = sourcecode.swift; path = InMemorySessionServiceTests.swift; sourceTree = "<group>"; };
		BD237EF228BE3CEF005307C5 /* PostSQLServiceTests.swift */ = {isa = PBXFileReference; lastKnownFileType = sourcecode.swift; path = PostSQLServiceTests.swift; sourceTree = "<group>"; };
		BD237EF428BE3F4D005307C5 /* SQLDatabaseCleaner.swift */ = {isa = PBXFileReference; lastKnownFileType = sourcecode.swift; path = SQLDatabaseCleaner.swift; sourceTree = "<group>"; };
		BD237EF828BF7414005307C5 /* HomeRouter.swift */ = {isa = PBXFileReference; lastKnownFileType = sourcecode.swift; path = HomeRouter.swift; sourceTree = "<group>"; };
		BD237EFA28BF741D005307C5 /* HomeInteractor.swift */ = {isa = PBXFileReference; lastKnownFileType = sourcecode.swift; path = HomeInteractor.swift; sourceTree = "<group>"; };
		BD237EFC28BF742C005307C5 /* HomeBuilder.swift */ = {isa = PBXFileReference; lastKnownFileType = sourcecode.swift; path = HomeBuilder.swift; sourceTree = "<group>"; };
		BD237EFE28BF7446005307C5 /* HomeViewController.swift */ = {isa = PBXFileReference; lastKnownFileType = sourcecode.swift; path = HomeViewController.swift; sourceTree = "<group>"; };
		BD2C16F028BF8F1400E0EF02 /* ProfileBarView.swift */ = {isa = PBXFileReference; lastKnownFileType = sourcecode.swift; path = ProfileBarView.swift; sourceTree = "<group>"; };
		BD2C16F528BF9BA600E0EF02 /* ProfileImageView.swift */ = {isa = PBXFileReference; lastKnownFileType = sourcecode.swift; path = ProfileImageView.swift; sourceTree = "<group>"; };
		BD2C16F828BFA96000E0EF02 /* String+Image.swift */ = {isa = PBXFileReference; lastKnownFileType = sourcecode.swift; path = "String+Image.swift"; sourceTree = "<group>"; };
		BD38583D28C0154B00CF9CB3 /* PostTableViewCell.swift */ = {isa = PBXFileReference; lastKnownFileType = sourcecode.swift; path = PostTableViewCell.swift; sourceTree = "<group>"; };
		BD38583F28C0158A00CF9CB3 /* ParentPostView.swift */ = {isa = PBXFileReference; lastKnownFileType = sourcecode.swift; path = ParentPostView.swift; sourceTree = "<group>"; };
		BD38584128C029D500CF9CB3 /* QuoteTableViewCell.swift */ = {isa = PBXFileReference; lastKnownFileType = sourcecode.swift; path = QuoteTableViewCell.swift; sourceTree = "<group>"; };
		BD38584328C02E6400CF9CB3 /* RepostTableViewCell.swift */ = {isa = PBXFileReference; lastKnownFileType = sourcecode.swift; path = RepostTableViewCell.swift; sourceTree = "<group>"; };
		BD38584828C0654500CF9CB3 /* ViewCodable.swift */ = {isa = PBXFileReference; lastKnownFileType = sourcecode.swift; path = ViewCodable.swift; sourceTree = "<group>"; };
		BD38584A28C0672500CF9CB3 /* CellIdentifiable.swift */ = {isa = PBXFileReference; lastKnownFileType = sourcecode.swift; path = CellIdentifiable.swift; sourceTree = "<group>"; };
		BD38584C28C067B700CF9CB3 /* PostHeaderView.swift */ = {isa = PBXFileReference; lastKnownFileType = sourcecode.swift; path = PostHeaderView.swift; sourceTree = "<group>"; };
		BD38585128C0DDF900CF9CB3 /* Post+ViewModels.swift */ = {isa = PBXFileReference; lastKnownFileType = sourcecode.swift; path = "Post+ViewModels.swift"; sourceTree = "<group>"; };
		BD38585328C13DED00CF9CB3 /* ViewModelSettable.swift */ = {isa = PBXFileReference; lastKnownFileType = sourcecode.swift; path = ViewModelSettable.swift; sourceTree = "<group>"; };
		BD38585528C13E5900CF9CB3 /* PostsTableView.swift */ = {isa = PBXFileReference; lastKnownFileType = sourcecode.swift; path = PostsTableView.swift; sourceTree = "<group>"; };
		BD38585928C14BBA00CF9CB3 /* PostsTableViewDataSource.swift */ = {isa = PBXFileReference; lastKnownFileType = sourcecode.swift; path = PostsTableViewDataSource.swift; sourceTree = "<group>"; };
		BD38585E28C15D5200CF9CB3 /* CreatePostBuilder.swift */ = {isa = PBXFileReference; lastKnownFileType = sourcecode.swift; path = CreatePostBuilder.swift; sourceTree = "<group>"; };
		BD38586028C15D5B00CF9CB3 /* CreatePostInteractor.swift */ = {isa = PBXFileReference; lastKnownFileType = sourcecode.swift; path = CreatePostInteractor.swift; sourceTree = "<group>"; };
		BD38586228C15D6600CF9CB3 /* CreatePostRouter.swift */ = {isa = PBXFileReference; lastKnownFileType = sourcecode.swift; path = CreatePostRouter.swift; sourceTree = "<group>"; };
		BD38586428C15D7000CF9CB3 /* CreatePostViewController.swift */ = {isa = PBXFileReference; lastKnownFileType = sourcecode.swift; path = CreatePostViewController.swift; sourceTree = "<group>"; };
		BDE8511B28C46147008FFC67 /* XCTest.framework */ = {isa = PBXFileReference; lastKnownFileType = wrapper.framework; name = XCTest.framework; path = Platforms/iPhoneOS.platform/Developer/Library/Frameworks/XCTest.framework; sourceTree = DEVELOPER_DIR; };
		BDE8512228C4FCFC008FFC67 /* PosterrUITests-Bridging-Header.h */ = {isa = PBXFileReference; lastKnownFileType = sourcecode.c.h; path = "PosterrUITests-Bridging-Header.h"; sourceTree = "<group>"; };
		BDE8512328C4FCFC008FFC67 /* HomeUITests.swift */ = {isa = PBXFileReference; lastKnownFileType = sourcecode.swift; path = HomeUITests.swift; sourceTree = "<group>"; };
		BDE8512A28C50D65008FFC67 /* CreatePostUITests.swift */ = {isa = PBXFileReference; lastKnownFileType = sourcecode.swift; path = CreatePostUITests.swift; sourceTree = "<group>"; };
		BDE8512D28C51A62008FFC67 /* ProfileUITests.swift */ = {isa = PBXFileReference; lastKnownFileType = sourcecode.swift; path = ProfileUITests.swift; sourceTree = "<group>"; };
		BDE8513028C5478B008FFC67 /* HomeBuilderTests.swift */ = {isa = PBXFileReference; lastKnownFileType = sourcecode.swift; path = HomeBuilderTests.swift; sourceTree = "<group>"; };
		BDE8513228C547DA008FFC67 /* SessionServiceMock.swift */ = {isa = PBXFileReference; lastKnownFileType = sourcecode.swift; path = SessionServiceMock.swift; sourceTree = "<group>"; };
		BDE8513428C54829008FFC67 /* PostsServiceMock.swift */ = {isa = PBXFileReference; lastKnownFileType = sourcecode.swift; path = PostsServiceMock.swift; sourceTree = "<group>"; };
		BDE8513628C54954008FFC67 /* HomeInteractorTests.swift */ = {isa = PBXFileReference; lastKnownFileType = sourcecode.swift; path = HomeInteractorTests.swift; sourceTree = "<group>"; };
		BDE8513828C54A13008FFC67 /* HomePresenterSpy.swift */ = {isa = PBXFileReference; lastKnownFileType = sourcecode.swift; path = HomePresenterSpy.swift; sourceTree = "<group>"; };
		BDE8513A28C54BAC008FFC67 /* HomeRouterSpy.swift */ = {isa = PBXFileReference; lastKnownFileType = sourcecode.swift; path = HomeRouterSpy.swift; sourceTree = "<group>"; };
		BDE8513D28C55203008FFC67 /* CreatePostBuilderTests.swift */ = {isa = PBXFileReference; lastKnownFileType = sourcecode.swift; path = CreatePostBuilderTests.swift; sourceTree = "<group>"; };
		BDE8513F28C552F4008FFC67 /* CreatePostInteractorTests.swift */ = {isa = PBXFileReference; lastKnownFileType = sourcecode.swift; path = CreatePostInteractorTests.swift; sourceTree = "<group>"; };
		BDE8514128C55349008FFC67 /* CreatePostPresenterSpy.swift */ = {isa = PBXFileReference; lastKnownFileType = sourcecode.swift; path = CreatePostPresenterSpy.swift; sourceTree = "<group>"; };
		BDE8514328C553E9008FFC67 /* CreatePostRouterSpy.swift */ = {isa = PBXFileReference; lastKnownFileType = sourcecode.swift; path = CreatePostRouterSpy.swift; sourceTree = "<group>"; };
		BDE8514528C5548F008FFC67 /* CreatePostInteractorListenerMock.swift */ = {isa = PBXFileReference; lastKnownFileType = sourcecode.swift; path = CreatePostInteractorListenerMock.swift; sourceTree = "<group>"; };
		BDE8514828C55B62008FFC67 /* ProfileBuilderTests.swift */ = {isa = PBXFileReference; lastKnownFileType = sourcecode.swift; path = ProfileBuilderTests.swift; sourceTree = "<group>"; };
		BDE8514A28C55BAA008FFC67 /* ProfileInteractorTests.swift */ = {isa = PBXFileReference; lastKnownFileType = sourcecode.swift; path = ProfileInteractorTests.swift; sourceTree = "<group>"; };
		BDE8514C28C55BDB008FFC67 /* ProfileRouterSpy.swift */ = {isa = PBXFileReference; lastKnownFileType = sourcecode.swift; path = ProfileRouterSpy.swift; sourceTree = "<group>"; };
		BDE8514E28C55C9A008FFC67 /* ProfilePresenterSpy.swift */ = {isa = PBXFileReference; lastKnownFileType = sourcecode.swift; path = ProfilePresenterSpy.swift; sourceTree = "<group>"; };
		BDE8515028C55DFA008FFC67 /* ProfileInteractorListenerMock.swift */ = {isa = PBXFileReference; lastKnownFileType = sourcecode.swift; path = ProfileInteractorListenerMock.swift; sourceTree = "<group>"; };
		BDE8515328C55F0C008FFC67 /* PostType+Equatable.swift */ = {isa = PBXFileReference; lastKnownFileType = sourcecode.swift; path = "PostType+Equatable.swift"; sourceTree = "<group>"; };
		BDE8515528C59FE5008FFC67 /* Date+TestDate.swift */ = {isa = PBXFileReference; lastKnownFileType = sourcecode.swift; path = "Date+TestDate.swift"; sourceTree = "<group>"; };
		BDF96FA628BBF384004192D4 /* libswift_Concurrency.tbd */ = {isa = PBXFileReference; lastKnownFileType = "sourcecode.text-based-dylib-definition"; name = libswift_Concurrency.tbd; path = usr/lib/swift/libswift_Concurrency.tbd; sourceTree = SDKROOT; };
		BDF96FAC28BC1CAF004192D4 /* posterr.db */ = {isa = PBXFileReference; lastKnownFileType = file; path = posterr.db; sourceTree = "<group>"; };
		BDF96FAE28BCECA3004192D4 /* DatabaseHelper.swift */ = {isa = PBXFileReference; lastKnownFileType = sourcecode.swift; path = DatabaseHelper.swift; sourceTree = "<group>"; };
		BDF96FB328BCEECB004192D4 /* UserService.swift */ = {isa = PBXFileReference; lastKnownFileType = sourcecode.swift; path = UserService.swift; sourceTree = "<group>"; };
		BDF96FB628BCEEEF004192D4 /* User.swift */ = {isa = PBXFileReference; lastKnownFileType = sourcecode.swift; path = User.swift; sourceTree = "<group>"; };
		BDF96FB928BCEF66004192D4 /* SessionService.swift */ = {isa = PBXFileReference; lastKnownFileType = sourcecode.swift; path = SessionService.swift; sourceTree = "<group>"; };
		BDF96FBB28BCEFCD004192D4 /* InMemorySessionService.swift */ = {isa = PBXFileReference; lastKnownFileType = sourcecode.swift; path = InMemorySessionService.swift; sourceTree = "<group>"; };
		BDF96FBD28BCF045004192D4 /* UserSQLService.swift */ = {isa = PBXFileReference; lastKnownFileType = sourcecode.swift; path = UserSQLService.swift; sourceTree = "<group>"; };
		BDF96FC128BCF9FC004192D4 /* UserLogging.swift */ = {isa = PBXFileReference; lastKnownFileType = sourcecode.swift; path = UserLogging.swift; sourceTree = "<group>"; };
		BDF96FC428BD6DB1004192D4 /* PostService.swift */ = {isa = PBXFileReference; lastKnownFileType = sourcecode.swift; path = PostService.swift; sourceTree = "<group>"; };
		BDF96FC628BD6DD0004192D4 /* Post.swift */ = {isa = PBXFileReference; lastKnownFileType = sourcecode.swift; path = Post.swift; sourceTree = "<group>"; };
		BDF96FC828BD715E004192D4 /* PostSQLService.swift */ = {isa = PBXFileReference; lastKnownFileType = sourcecode.swift; path = PostSQLService.swift; sourceTree = "<group>"; };
		BDF96FCC28BE3735004192D4 /* UserSQLServiceTests.swift */ = {isa = PBXFileReference; lastKnownFileType = sourcecode.swift; path = UserSQLServiceTests.swift; sourceTree = "<group>"; };
		BDF96FCF28BE37C8004192D4 /* posterr_test.db */ = {isa = PBXFileReference; lastKnownFileType = file; path = posterr_test.db; sourceTree = "<group>"; };
		C322F6D74E4DDBF7675C4455 /* Pods_Posterr.framework */ = {isa = PBXFileReference; explicitFileType = wrapper.framework; includeInIndex = 0; path = Pods_Posterr.framework; sourceTree = BUILT_PRODUCTS_DIR; };
		F55A6356117A869E5CF64FF7 /* Pods_PosterrUITests.framework */ = {isa = PBXFileReference; explicitFileType = wrapper.framework; includeInIndex = 0; path = Pods_PosterrUITests.framework; sourceTree = BUILT_PRODUCTS_DIR; };
		F7B1F179D1FA8180D2866265 /* Pods-Posterr.debug.xcconfig */ = {isa = PBXFileReference; includeInIndex = 1; lastKnownFileType = text.xcconfig; name = "Pods-Posterr.debug.xcconfig"; path = "Target Support Files/Pods-Posterr/Pods-Posterr.debug.xcconfig"; sourceTree = "<group>"; };
/* End PBXFileReference section */

/* Begin PBXFrameworksBuildPhase section */
		BD07657728BBD4FE00725121 /* Frameworks */ = {
			isa = PBXFrameworksBuildPhase;
			buildActionMask = 2147483647;
			files = (
				6F4F68E2EF6DA95EF101184A /* Pods_Posterr.framework in Frameworks */,
			);
			runOnlyForDeploymentPostprocessing = 0;
		};
		BD07658D28BBD50100725121 /* Frameworks */ = {
			isa = PBXFrameworksBuildPhase;
			buildActionMask = 2147483647;
			files = (
				B61C8A88618375409A113B38 /* Pods_PosterrTests.framework in Frameworks */,
			);
			runOnlyForDeploymentPostprocessing = 0;
		};
		BD07659728BBD50100725121 /* Frameworks */ = {
			isa = PBXFrameworksBuildPhase;
			buildActionMask = 2147483647;
			files = (
				88A6F816825ECF6DD3B36FD7 /* Pods_PosterrUITests.framework in Frameworks */,
			);
			runOnlyForDeploymentPostprocessing = 0;
		};
/* End PBXFrameworksBuildPhase section */

/* Begin PBXGroup section */
		3F2275061E0B179C2F66D5DC /* Frameworks */ = {
			isa = PBXGroup;
			children = (
				BDE8511B28C46147008FFC67 /* XCTest.framework */,
				BDF96FA628BBF384004192D4 /* libswift_Concurrency.tbd */,
				C322F6D74E4DDBF7675C4455 /* Pods_Posterr.framework */,
				B8903D7E85F12173A3607293 /* Pods_PosterrTests.framework */,
				F55A6356117A869E5CF64FF7 /* Pods_PosterrUITests.framework */,
			);
			name = Frameworks;
			sourceTree = "<group>";
		};
		BD05193628C3983E0051DB34 /* Profile */ = {
			isa = PBXGroup;
			children = (
				BD05193728C398650051DB34 /* ProfileBuilder.swift */,
				BD05193928C398700051DB34 /* ProfileInteractor.swift */,
				BD05193B28C398780051DB34 /* ProfileRouter.swift */,
				BD05193D28C398840051DB34 /* ProfileViewController.swift */,
				BD05194628C3BA0D0051DB34 /* Views */,
			);
			path = Profile;
			sourceTree = "<group>";
		};
		BD05194528C3B9FB0051DB34 /* Views */ = {
			isa = PBXGroup;
			children = (
				BD05192B28C19A6D0051DB34 /* CreatePostView.swift */,
				BD05192D28C228A00051DB34 /* CreateRepostView.swift */,
			);
			path = Views;
			sourceTree = "<group>";
		};
		BD05194628C3BA0D0051DB34 /* Views */ = {
			isa = PBXGroup;
			children = (
				BD05193F28C3A2390051DB34 /* ProfileHeaderView.swift */,
			);
			path = Views;
			sourceTree = "<group>";
		};
		BD05194728C3C64B0051DB34 /* Config */ = {
			isa = PBXGroup;
			children = (
				BD05194828C3C6950051DB34 /* PosterrAppConfig.plist */,
				BD05194A28C3E1860051DB34 /* AppConfig.swift */,
			);
			path = Config;
			sourceTree = "<group>";
		};
		BD05194C28C3EF910051DB34 /* Mocks */ = {
			isa = PBXGroup;
			children = (
				BD05194D28C3EF9B0051DB34 /* AppConfigMock.swift */,
				BDE8514528C5548F008FFC67 /* CreatePostInteractorListenerMock.swift */,
				BDE8514128C55349008FFC67 /* CreatePostPresenterSpy.swift */,
				BDE8514328C553E9008FFC67 /* CreatePostRouterSpy.swift */,
				BDE8513828C54A13008FFC67 /* HomePresenterSpy.swift */,
				BDE8513A28C54BAC008FFC67 /* HomeRouterSpy.swift */,
				BD05198828C454E90051DB34 /* ParentPostViewModelMock.swift */,
				BD05198A28C455090051DB34 /* PostHeaderViewModelMock.swift */,
				BDE8513428C54829008FFC67 /* PostsServiceMock.swift */,
				BDE8515028C55DFA008FFC67 /* ProfileInteractorListenerMock.swift */,
				BDE8514E28C55C9A008FFC67 /* ProfilePresenterSpy.swift */,
				BDE8514C28C55BDB008FFC67 /* ProfileRouterSpy.swift */,
				BDE8513228C547DA008FFC67 /* SessionServiceMock.swift */,
			);
			path = Mocks;
			sourceTree = "<group>";
		};
		BD05195228C403370051DB34 /* Resources */ = {
			isa = PBXGroup;
			children = (
				BD05195828C4093A0051DB34 /* Strings-Posterr.swift */,
				BD07658628BBD50000725121 /* Assets.xcassets */,
				BD05195528C403BB0051DB34 /* Localization.strings */,
			);
			path = Resources;
			sourceTree = "<group>";
		};
		BD05195A28C428790051DB34 /* Common */ = {
			isa = PBXGroup;
			children = (
				BDE8515228C55EFD008FFC67 /* Extensions */,
				BD05195E28C42E300051DB34 /* Helpers */,
				BD05195B28C428800051DB34 /* Views */,
			);
			path = Common;
			sourceTree = "<group>";
		};
		BD05195B28C428800051DB34 /* Views */ = {
			isa = PBXGroup;
			children = (
				BD05196728C434630051DB34 /* ParentPostViewTests.swift */,
				BD05196328C4330D0051DB34 /* PostHeaderViewTests.swift */,
				BD05196128C42F530051DB34 /* PostsTableViewTests.swift */,
				BD05195C28C428A20051DB34 /* ProfileImageViewTests.swift */,
			);
			path = Views;
			sourceTree = "<group>";
		};
		BD05195E28C42E300051DB34 /* Helpers */ = {
			isa = PBXGroup;
			children = (
				BD05195F28C42E5B0051DB34 /* SnapshotViewTestable.swift */,
			);
			path = Helpers;
			sourceTree = "<group>";
		};
		BD05196C28C44BA90051DB34 /* Scenes */ = {
			isa = PBXGroup;
			children = (
				BDE8514728C55B50008FFC67 /* Profile */,
				BDE8513C28C551F4008FFC67 /* CreatePost */,
				BDE8512F28C5477B008FFC67 /* Home */,
			);
			path = Scenes;
			sourceTree = "<group>";
		};
		BD07657128BBD4FE00725121 = {
			isa = PBXGroup;
			children = (
				BD07657C28BBD4FE00725121 /* Posterr */,
				BD07659328BBD50100725121 /* PosterrTests */,
				BD07659D28BBD50100725121 /* PosterrUITests */,
				BD07657B28BBD4FE00725121 /* Products */,
				D1D2DE086F1F6EA7FDEBEEDA /* Pods */,
				3F2275061E0B179C2F66D5DC /* Frameworks */,
			);
			sourceTree = "<group>";
		};
		BD07657B28BBD4FE00725121 /* Products */ = {
			isa = PBXGroup;
			children = (
				BD07657A28BBD4FE00725121 /* Posterr.app */,
				BD07659028BBD50100725121 /* PosterrTests.xctest */,
				BD07659A28BBD50100725121 /* PosterrUITests.xctest */,
			);
			name = Products;
			sourceTree = "<group>";
		};
		BD07657C28BBD4FE00725121 /* Posterr */ = {
			isa = PBXGroup;
			children = (
				BD07658B28BBD50000725121 /* Info.plist */,
				BD07657D28BBD4FE00725121 /* AppDelegate.swift */,
				BD2C16F228BF9B6100E0EF02 /* Common */,
				BD05194728C3C64B0051DB34 /* Config */,
				BDF96FA928BC0D4F004192D4 /* Database */,
				BD07658828BBD50000725121 /* LaunchScreen.storyboard */,
				BDF96FB528BCEEE2004192D4 /* Models */,
				BD05195228C403370051DB34 /* Resources */,
				BD237EF628BF73CD005307C5 /* Scenes */,
				BDF96FB128BCEE96004192D4 /* Services */,
			);
			path = Posterr;
			sourceTree = "<group>";
		};
		BD07659328BBD50100725121 /* PosterrTests */ = {
			isa = PBXGroup;
			children = (
				BD05195A28C428790051DB34 /* Common */,
				BD05194C28C3EF910051DB34 /* Mocks */,
				BD237EF128BE3CDB005307C5 /* PostService */,
				BD05196C28C44BA90051DB34 /* Scenes */,
				BD237EEE28BE3B79005307C5 /* SessionService */,
				BDF96FD128BE37CC004192D4 /* UserService */,
			);
			path = PosterrTests;
			sourceTree = "<group>";
		};
		BD07659D28BBD50100725121 /* PosterrUITests */ = {
			isa = PBXGroup;
			children = (
				BDE8512228C4FCFC008FFC67 /* PosterrUITests-Bridging-Header.h */,
				BDE8512A28C50D65008FFC67 /* CreatePostUITests.swift */,
				BDE8512328C4FCFC008FFC67 /* HomeUITests.swift */,
				BDE8512D28C51A62008FFC67 /* ProfileUITests.swift */,
			);
			path = PosterrUITests;
			sourceTree = "<group>";
		};
		BD237EEE28BE3B79005307C5 /* SessionService */ = {
			isa = PBXGroup;
			children = (
				BD237EEF28BE3B8E005307C5 /* InMemorySessionServiceTests.swift */,
			);
			path = SessionService;
			sourceTree = "<group>";
		};
		BD237EF128BE3CDB005307C5 /* PostService */ = {
			isa = PBXGroup;
			children = (
				BD237EF228BE3CEF005307C5 /* PostSQLServiceTests.swift */,
			);
			path = PostService;
			sourceTree = "<group>";
		};
		BD237EF628BF73CD005307C5 /* Scenes */ = {
			isa = PBXGroup;
			children = (
				BD05193628C3983E0051DB34 /* Profile */,
				BD38585D28C15D4100CF9CB3 /* CreatePost */,
				BD237EF728BF73E7005307C5 /* Home */,
			);
			path = Scenes;
			sourceTree = "<group>";
		};
		BD237EF728BF73E7005307C5 /* Home */ = {
			isa = PBXGroup;
			children = (
				BD237EFC28BF742C005307C5 /* HomeBuilder.swift */,
				BD237EFA28BF741D005307C5 /* HomeInteractor.swift */,
				BD237EF828BF7414005307C5 /* HomeRouter.swift */,
				BD237EFE28BF7446005307C5 /* HomeViewController.swift */,
				BD2C16EF28BF8EF500E0EF02 /* Views */,
			);
			path = Home;
			sourceTree = "<group>";
		};
		BD2C16EF28BF8EF500E0EF02 /* Views */ = {
			isa = PBXGroup;
			children = (
				BD2C16F028BF8F1400E0EF02 /* ProfileBarView.swift */,
			);
			path = Views;
			sourceTree = "<group>";
		};
		BD2C16F228BF9B6100E0EF02 /* Common */ = {
			isa = PBXGroup;
			children = (
				BD38585828C14BA900CF9CB3 /* Helpers */,
				BD2C16F728BFA94300E0EF02 /* Extensions */,
				BD2C16F428BF9B9400E0EF02 /* Protocols */,
				BD2C16F328BF9B8F00E0EF02 /* Views */,
			);
			path = Common;
			sourceTree = "<group>";
		};
		BD2C16F328BF9B8F00E0EF02 /* Views */ = {
			isa = PBXGroup;
			children = (
				BD38584E28C0694200CF9CB3 /* Cells */,
				BD38583F28C0158A00CF9CB3 /* ParentPostView.swift */,
				BD38584C28C067B700CF9CB3 /* PostHeaderView.swift */,
				BD38585528C13E5900CF9CB3 /* PostsTableView.swift */,
				BD2C16F528BF9BA600E0EF02 /* ProfileImageView.swift */,
			);
			path = Views;
			sourceTree = "<group>";
		};
		BD2C16F428BF9B9400E0EF02 /* Protocols */ = {
			isa = PBXGroup;
			children = (
				BD38584A28C0672500CF9CB3 /* CellIdentifiable.swift */,
				BD38584828C0654500CF9CB3 /* ViewCodable.swift */,
				BD38585328C13DED00CF9CB3 /* ViewModelSettable.swift */,
			);
			path = Protocols;
			sourceTree = "<group>";
		};
		BD2C16F728BFA94300E0EF02 /* Extensions */ = {
			isa = PBXGroup;
			children = (
				BD05194328C3B8840051DB34 /* Array+Posts.swift */,
				BD05193428C30F2E0051DB34 /* Date+StripTime.swift */,
				BD38585128C0DDF900CF9CB3 /* Post+ViewModels.swift */,
				BD2C16F828BFA96000E0EF02 /* String+Image.swift */,
			);
			path = Extensions;
			sourceTree = "<group>";
		};
		BD38584E28C0694200CF9CB3 /* Cells */ = {
			isa = PBXGroup;
			children = (
				BD38583D28C0154B00CF9CB3 /* PostTableViewCell.swift */,
				BD38584128C029D500CF9CB3 /* QuoteTableViewCell.swift */,
				BD38584328C02E6400CF9CB3 /* RepostTableViewCell.swift */,
			);
			path = Cells;
			sourceTree = "<group>";
		};
		BD38585828C14BA900CF9CB3 /* Helpers */ = {
			isa = PBXGroup;
			children = (
				BD38585928C14BBA00CF9CB3 /* PostsTableViewDataSource.swift */,
			);
			path = Helpers;
			sourceTree = "<group>";
		};
		BD38585D28C15D4100CF9CB3 /* CreatePost */ = {
			isa = PBXGroup;
			children = (
				BD38585E28C15D5200CF9CB3 /* CreatePostBuilder.swift */,
				BD38586028C15D5B00CF9CB3 /* CreatePostInteractor.swift */,
				BD38586228C15D6600CF9CB3 /* CreatePostRouter.swift */,
				BD38586428C15D7000CF9CB3 /* CreatePostViewController.swift */,
				BD05194528C3B9FB0051DB34 /* Views */,
			);
			path = CreatePost;
			sourceTree = "<group>";
		};
		BDE8512F28C5477B008FFC67 /* Home */ = {
			isa = PBXGroup;
			children = (
				BDE8513028C5478B008FFC67 /* HomeBuilderTests.swift */,
				BDE8513628C54954008FFC67 /* HomeInteractorTests.swift */,
				BD05196D28C44BE70051DB34 /* HomeViewControllerTests.swift */,
			);
			path = Home;
			sourceTree = "<group>";
		};
		BDE8513C28C551F4008FFC67 /* CreatePost */ = {
			isa = PBXGroup;
			children = (
				BDE8513D28C55203008FFC67 /* CreatePostBuilderTests.swift */,
				BDE8513F28C552F4008FFC67 /* CreatePostInteractorTests.swift */,
				BD05197728C44FC80051DB34 /* CreatePostViewControllerTests.swift */,
			);
			path = CreatePost;
			sourceTree = "<group>";
		};
		BDE8514728C55B50008FFC67 /* Profile */ = {
			isa = PBXGroup;
			children = (
				BDE8514828C55B62008FFC67 /* ProfileBuilderTests.swift */,
				BDE8514A28C55BAA008FFC67 /* ProfileInteractorTests.swift */,
				BD05198628C452B70051DB34 /* ProfileViewControllerTests.swift */,
			);
			path = Profile;
			sourceTree = "<group>";
		};
		BDE8515228C55EFD008FFC67 /* Extensions */ = {
			isa = PBXGroup;
			children = (
				BDE8515528C59FE5008FFC67 /* Date+TestDate.swift */,
				BDE8515328C55F0C008FFC67 /* PostType+Equatable.swift */,
			);
			path = Extensions;
			sourceTree = "<group>";
		};
		BDF96FA928BC0D4F004192D4 /* Database */ = {
			isa = PBXGroup;
			children = (
				BDF96FAC28BC1CAF004192D4 /* posterr.db */,
				BDF96FCF28BE37C8004192D4 /* posterr_test.db */,
				BD237EF428BE3F4D005307C5 /* SQLDatabaseCleaner.swift */,
				BDF96FAE28BCECA3004192D4 /* DatabaseHelper.swift */,
			);
			path = Database;
			sourceTree = "<group>";
		};
		BDF96FB128BCEE96004192D4 /* Services */ = {
			isa = PBXGroup;
			children = (
				BDF96FC328BD6D9B004192D4 /* PostService */,
				BDF96FB828BCEF58004192D4 /* SessionService */,
				BDF96FB228BCEEB7004192D4 /* UserService */,
			);
			path = Services;
			sourceTree = "<group>";
		};
		BDF96FB228BCEEB7004192D4 /* UserService */ = {
			isa = PBXGroup;
			children = (
				BDF96FB328BCEECB004192D4 /* UserService.swift */,
				BDF96FBD28BCF045004192D4 /* UserSQLService.swift */,
			);
			path = UserService;
			sourceTree = "<group>";
		};
		BDF96FB528BCEEE2004192D4 /* Models */ = {
			isa = PBXGroup;
			children = (
				BDF96FB628BCEEEF004192D4 /* User.swift */,
				BDF96FC628BD6DD0004192D4 /* Post.swift */,
				BD05193028C295450051DB34 /* PostType.swift */,
			);
			path = Models;
			sourceTree = "<group>";
		};
		BDF96FB828BCEF58004192D4 /* SessionService */ = {
			isa = PBXGroup;
			children = (
				BDF96FBB28BCEFCD004192D4 /* InMemorySessionService.swift */,
				BDF96FB928BCEF66004192D4 /* SessionService.swift */,
				BDF96FC128BCF9FC004192D4 /* UserLogging.swift */,
			);
			path = SessionService;
			sourceTree = "<group>";
		};
		BDF96FC328BD6D9B004192D4 /* PostService */ = {
			isa = PBXGroup;
			children = (
				BDF96FC428BD6DB1004192D4 /* PostService.swift */,
				BDF96FC828BD715E004192D4 /* PostSQLService.swift */,
			);
			path = PostService;
			sourceTree = "<group>";
		};
		BDF96FD128BE37CC004192D4 /* UserService */ = {
			isa = PBXGroup;
			children = (
				BDF96FCC28BE3735004192D4 /* UserSQLServiceTests.swift */,
			);
			path = UserService;
			sourceTree = "<group>";
		};
		D1D2DE086F1F6EA7FDEBEEDA /* Pods */ = {
			isa = PBXGroup;
			children = (
				F7B1F179D1FA8180D2866265 /* Pods-Posterr.debug.xcconfig */,
				6A33B8F215E85FFBF487C559 /* Pods-Posterr.uitesting.xcconfig */,
				B0878789B701FBBAC126C84B /* Pods-Posterr.release.xcconfig */,
				ABC7897477489A6AC171F2E7 /* Pods-PosterrTests.debug.xcconfig */,
				80BFC6AA31570BAE0CAC52FB /* Pods-PosterrTests.uitesting.xcconfig */,
				7B757970E9D6C24D1546846C /* Pods-PosterrTests.release.xcconfig */,
				B3C854572240285A99D25330 /* Pods-PosterrUITests.debug.xcconfig */,
				0CE411280813FD7205CF15A5 /* Pods-PosterrUITests.uitesting.xcconfig */,
				97FD2D27D63C1901C8B967AD /* Pods-PosterrUITests.release.xcconfig */,
			);
			path = Pods;
			sourceTree = "<group>";
		};
/* End PBXGroup section */

/* Begin PBXNativeTarget section */
		BD07657928BBD4FE00725121 /* Posterr */ = {
			isa = PBXNativeTarget;
			buildConfigurationList = BD0765A428BBD50100725121 /* Build configuration list for PBXNativeTarget "Posterr" */;
			buildPhases = (
				B4B0C911E500F4DF472D424F /* [CP] Check Pods Manifest.lock */,
				BD07657628BBD4FE00725121 /* Sources */,
				BD07657728BBD4FE00725121 /* Frameworks */,
				BD07657828BBD4FE00725121 /* Resources */,
				BD05195128C402BA0051DB34 /* Swiftgen */,
				BDF96FA528BBF0C6004192D4 /* SwiftLint */,
				11CD70BF8A4ACD4059868CFC /* [CP] Embed Pods Frameworks */,
			);
			buildRules = (
			);
			dependencies = (
			);
			name = Posterr;
			productName = Posterr;
			productReference = BD07657A28BBD4FE00725121 /* Posterr.app */;
			productType = "com.apple.product-type.application";
		};
		BD07658F28BBD50100725121 /* PosterrTests */ = {
			isa = PBXNativeTarget;
			buildConfigurationList = BD0765A728BBD50100725121 /* Build configuration list for PBXNativeTarget "PosterrTests" */;
			buildPhases = (
				871CA08F74D599FFAA0B18BA /* [CP] Check Pods Manifest.lock */,
				BD07658C28BBD50100725121 /* Sources */,
				BD07658D28BBD50100725121 /* Frameworks */,
				BD07658E28BBD50100725121 /* Resources */,
				5E891E3849EB4EA4DE586AA4 /* [CP] Embed Pods Frameworks */,
			);
			buildRules = (
			);
			dependencies = (
				BD07659228BBD50100725121 /* PBXTargetDependency */,
			);
			name = PosterrTests;
			productName = PosterrTests;
			productReference = BD07659028BBD50100725121 /* PosterrTests.xctest */;
			productType = "com.apple.product-type.bundle.unit-test";
		};
		BD07659928BBD50100725121 /* PosterrUITests */ = {
			isa = PBXNativeTarget;
			buildConfigurationList = BD0765AA28BBD50100725121 /* Build configuration list for PBXNativeTarget "PosterrUITests" */;
			buildPhases = (
				28FF94B20C23E8AFFDC4F152 /* [CP] Check Pods Manifest.lock */,
				BD07659628BBD50100725121 /* Sources */,
				BD07659728BBD50100725121 /* Frameworks */,
				BD07659828BBD50100725121 /* Resources */,
				4F498658905C3C6A55950E68 /* [CP] Embed Pods Frameworks */,
			);
			buildRules = (
			);
			dependencies = (
				BD07659C28BBD50100725121 /* PBXTargetDependency */,
			);
			name = PosterrUITests;
			productName = PosterrUITests;
			productReference = BD07659A28BBD50100725121 /* PosterrUITests.xctest */;
			productType = "com.apple.product-type.bundle.ui-testing";
		};
/* End PBXNativeTarget section */

/* Begin PBXProject section */
		BD07657228BBD4FE00725121 /* Project object */ = {
			isa = PBXProject;
			attributes = {
				BuildIndependentTargetsInParallel = 1;
				LastSwiftUpdateCheck = 1310;
				LastUpgradeCheck = 1310;
				TargetAttributes = {
					BD07657928BBD4FE00725121 = {
						CreatedOnToolsVersion = 13.1;
					};
					BD07658F28BBD50100725121 = {
						CreatedOnToolsVersion = 13.1;
						TestTargetID = BD07657928BBD4FE00725121;
					};
					BD07659928BBD50100725121 = {
						CreatedOnToolsVersion = 13.1;
						LastSwiftMigration = 1310;
						TestTargetID = BD07657928BBD4FE00725121;
					};
				};
			};
			buildConfigurationList = BD07657528BBD4FE00725121 /* Build configuration list for PBXProject "Posterr" */;
			compatibilityVersion = "Xcode 13.0";
			developmentRegion = en;
			hasScannedForEncodings = 0;
			knownRegions = (
				en,
				Base,
			);
			mainGroup = BD07657128BBD4FE00725121;
			productRefGroup = BD07657B28BBD4FE00725121 /* Products */;
			projectDirPath = "";
			projectRoot = "";
			targets = (
				BD07657928BBD4FE00725121 /* Posterr */,
				BD07658F28BBD50100725121 /* PosterrTests */,
				BD07659928BBD50100725121 /* PosterrUITests */,
			);
		};
/* End PBXProject section */

/* Begin PBXResourcesBuildPhase section */
		BD07657828BBD4FE00725121 /* Resources */ = {
			isa = PBXResourcesBuildPhase;
			buildActionMask = 2147483647;
			files = (
				BDF96FAD28BC1CAF004192D4 /* posterr.db in Resources */,
				BD05195328C403BB0051DB34 /* Localization.strings in Resources */,
				BD05194928C3C6950051DB34 /* PosterrAppConfig.plist in Resources */,
				BD237EED28BE3A52005307C5 /* posterr_test.db in Resources */,
				BD07658A28BBD50000725121 /* LaunchScreen.storyboard in Resources */,
				BD07658728BBD50000725121 /* Assets.xcassets in Resources */,
			);
			runOnlyForDeploymentPostprocessing = 0;
		};
		BD07658E28BBD50100725121 /* Resources */ = {
			isa = PBXResourcesBuildPhase;
			buildActionMask = 2147483647;
			files = (
			);
			runOnlyForDeploymentPostprocessing = 0;
		};
		BD07659828BBD50100725121 /* Resources */ = {
			isa = PBXResourcesBuildPhase;
			buildActionMask = 2147483647;
			files = (
			);
			runOnlyForDeploymentPostprocessing = 0;
		};
/* End PBXResourcesBuildPhase section */

/* Begin PBXShellScriptBuildPhase section */
		11CD70BF8A4ACD4059868CFC /* [CP] Embed Pods Frameworks */ = {
			isa = PBXShellScriptBuildPhase;
			buildActionMask = 2147483647;
			files = (
			);
			inputFileListPaths = (
				"${PODS_ROOT}/Target Support Files/Pods-Posterr/Pods-Posterr-frameworks-${CONFIGURATION}-input-files.xcfilelist",
			);
			name = "[CP] Embed Pods Frameworks";
			outputFileListPaths = (
				"${PODS_ROOT}/Target Support Files/Pods-Posterr/Pods-Posterr-frameworks-${CONFIGURATION}-output-files.xcfilelist",
			);
			runOnlyForDeploymentPostprocessing = 0;
			shellPath = /bin/sh;
			shellScript = "\"${PODS_ROOT}/Target Support Files/Pods-Posterr/Pods-Posterr-frameworks.sh\"\n";
			showEnvVarsInLog = 0;
		};
		28FF94B20C23E8AFFDC4F152 /* [CP] Check Pods Manifest.lock */ = {
			isa = PBXShellScriptBuildPhase;
			buildActionMask = 2147483647;
			files = (
			);
			inputFileListPaths = (
			);
			inputPaths = (
				"${PODS_PODFILE_DIR_PATH}/Podfile.lock",
				"${PODS_ROOT}/Manifest.lock",
			);
			name = "[CP] Check Pods Manifest.lock";
			outputFileListPaths = (
			);
			outputPaths = (
				"$(DERIVED_FILE_DIR)/Pods-PosterrUITests-checkManifestLockResult.txt",
			);
			runOnlyForDeploymentPostprocessing = 0;
			shellPath = /bin/sh;
			shellScript = "diff \"${PODS_PODFILE_DIR_PATH}/Podfile.lock\" \"${PODS_ROOT}/Manifest.lock\" > /dev/null\nif [ $? != 0 ] ; then\n    # print error to STDERR\n    echo \"error: The sandbox is not in sync with the Podfile.lock. Run 'pod install' or update your CocoaPods installation.\" >&2\n    exit 1\nfi\n# This output is used by Xcode 'outputs' to avoid re-running this script phase.\necho \"SUCCESS\" > \"${SCRIPT_OUTPUT_FILE_0}\"\n";
			showEnvVarsInLog = 0;
		};
		4F498658905C3C6A55950E68 /* [CP] Embed Pods Frameworks */ = {
			isa = PBXShellScriptBuildPhase;
			buildActionMask = 2147483647;
			files = (
			);
			inputFileListPaths = (
				"${PODS_ROOT}/Target Support Files/Pods-PosterrUITests/Pods-PosterrUITests-frameworks-${CONFIGURATION}-input-files.xcfilelist",
			);
			name = "[CP] Embed Pods Frameworks";
			outputFileListPaths = (
				"${PODS_ROOT}/Target Support Files/Pods-PosterrUITests/Pods-PosterrUITests-frameworks-${CONFIGURATION}-output-files.xcfilelist",
			);
			runOnlyForDeploymentPostprocessing = 0;
			shellPath = /bin/sh;
			shellScript = "\"${PODS_ROOT}/Target Support Files/Pods-PosterrUITests/Pods-PosterrUITests-frameworks.sh\"\n";
			showEnvVarsInLog = 0;
		};
		5E891E3849EB4EA4DE586AA4 /* [CP] Embed Pods Frameworks */ = {
			isa = PBXShellScriptBuildPhase;
			buildActionMask = 2147483647;
			files = (
			);
			inputFileListPaths = (
				"${PODS_ROOT}/Target Support Files/Pods-PosterrTests/Pods-PosterrTests-frameworks-${CONFIGURATION}-input-files.xcfilelist",
			);
			name = "[CP] Embed Pods Frameworks";
			outputFileListPaths = (
				"${PODS_ROOT}/Target Support Files/Pods-PosterrTests/Pods-PosterrTests-frameworks-${CONFIGURATION}-output-files.xcfilelist",
			);
			runOnlyForDeploymentPostprocessing = 0;
			shellPath = /bin/sh;
			shellScript = "\"${PODS_ROOT}/Target Support Files/Pods-PosterrTests/Pods-PosterrTests-frameworks.sh\"\n";
			showEnvVarsInLog = 0;
		};
		871CA08F74D599FFAA0B18BA /* [CP] Check Pods Manifest.lock */ = {
			isa = PBXShellScriptBuildPhase;
			buildActionMask = 2147483647;
			files = (
			);
			inputFileListPaths = (
			);
			inputPaths = (
				"${PODS_PODFILE_DIR_PATH}/Podfile.lock",
				"${PODS_ROOT}/Manifest.lock",
			);
			name = "[CP] Check Pods Manifest.lock";
			outputFileListPaths = (
			);
			outputPaths = (
				"$(DERIVED_FILE_DIR)/Pods-PosterrTests-checkManifestLockResult.txt",
			);
			runOnlyForDeploymentPostprocessing = 0;
			shellPath = /bin/sh;
			shellScript = "diff \"${PODS_PODFILE_DIR_PATH}/Podfile.lock\" \"${PODS_ROOT}/Manifest.lock\" > /dev/null\nif [ $? != 0 ] ; then\n    # print error to STDERR\n    echo \"error: The sandbox is not in sync with the Podfile.lock. Run 'pod install' or update your CocoaPods installation.\" >&2\n    exit 1\nfi\n# This output is used by Xcode 'outputs' to avoid re-running this script phase.\necho \"SUCCESS\" > \"${SCRIPT_OUTPUT_FILE_0}\"\n";
			showEnvVarsInLog = 0;
		};
		B4B0C911E500F4DF472D424F /* [CP] Check Pods Manifest.lock */ = {
			isa = PBXShellScriptBuildPhase;
			buildActionMask = 2147483647;
			files = (
			);
			inputFileListPaths = (
			);
			inputPaths = (
				"${PODS_PODFILE_DIR_PATH}/Podfile.lock",
				"${PODS_ROOT}/Manifest.lock",
			);
			name = "[CP] Check Pods Manifest.lock";
			outputFileListPaths = (
			);
			outputPaths = (
				"$(DERIVED_FILE_DIR)/Pods-Posterr-checkManifestLockResult.txt",
			);
			runOnlyForDeploymentPostprocessing = 0;
			shellPath = /bin/sh;
			shellScript = "diff \"${PODS_PODFILE_DIR_PATH}/Podfile.lock\" \"${PODS_ROOT}/Manifest.lock\" > /dev/null\nif [ $? != 0 ] ; then\n    # print error to STDERR\n    echo \"error: The sandbox is not in sync with the Podfile.lock. Run 'pod install' or update your CocoaPods installation.\" >&2\n    exit 1\nfi\n# This output is used by Xcode 'outputs' to avoid re-running this script phase.\necho \"SUCCESS\" > \"${SCRIPT_OUTPUT_FILE_0}\"\n";
			showEnvVarsInLog = 0;
		};
		BD05195128C402BA0051DB34 /* Swiftgen */ = {
			isa = PBXShellScriptBuildPhase;
			buildActionMask = 2147483647;
			files = (
			);
			inputFileListPaths = (
			);
			inputPaths = (
			);
			name = Swiftgen;
			outputFileListPaths = (
			);
			outputPaths = (
			);
			runOnlyForDeploymentPostprocessing = 0;
			shellPath = /bin/sh;
			shellScript = "if [[ -f \"${PODS_ROOT}/SwiftGen/bin/swiftgen\" ]]; then\n  \"${PODS_ROOT}/SwiftGen/bin/swiftgen\"\nelse\n  echo \"warning: SwiftGen is not installed. Run 'pod install --repo-update' to install it.\"\nfi\n";
		};
		BDF96FA528BBF0C6004192D4 /* SwiftLint */ = {
			isa = PBXShellScriptBuildPhase;
			buildActionMask = 2147483647;
			files = (
			);
			inputFileListPaths = (
			);
			inputPaths = (
			);
			name = SwiftLint;
			outputFileListPaths = (
			);
			outputPaths = (
			);
			runOnlyForDeploymentPostprocessing = 0;
			shellPath = /bin/sh;
			shellScript = "\"${PODS_ROOT}/SwiftLint/swiftlint\"\n";
		};
/* End PBXShellScriptBuildPhase section */

/* Begin PBXSourcesBuildPhase section */
		BD07657628BBD4FE00725121 /* Sources */ = {
			isa = PBXSourcesBuildPhase;
			buildActionMask = 2147483647;
			files = (
				BD38585428C13DED00CF9CB3 /* ViewModelSettable.swift in Sources */,
				BDF96FBC28BCEFCD004192D4 /* InMemorySessionService.swift in Sources */,
				BD2C16F628BF9BA600E0EF02 /* ProfileImageView.swift in Sources */,
				BDF96FC728BD6DD0004192D4 /* Post.swift in Sources */,
				BDF96FBA28BCEF66004192D4 /* SessionService.swift in Sources */,
				BD05193528C30F2E0051DB34 /* Date+StripTime.swift in Sources */,
				BD38585628C13E5900CF9CB3 /* PostsTableView.swift in Sources */,
				BDF96FB428BCEECB004192D4 /* UserService.swift in Sources */,
				BD38586528C15D7000CF9CB3 /* CreatePostViewController.swift in Sources */,
				BD05193828C398650051DB34 /* ProfileBuilder.swift in Sources */,
				BD05193A28C398700051DB34 /* ProfileInteractor.swift in Sources */,
				BD38584B28C0672500CF9CB3 /* CellIdentifiable.swift in Sources */,
				BDE8512928C4FEC6008FFC67 /* SQLDatabaseCleaner.swift in Sources */,
				BDF96FAF28BCECA3004192D4 /* DatabaseHelper.swift in Sources */,
				BD05194B28C3E1860051DB34 /* AppConfig.swift in Sources */,
				BD237EF928BF7414005307C5 /* HomeRouter.swift in Sources */,
				BD38586128C15D5B00CF9CB3 /* CreatePostInteractor.swift in Sources */,
				BD38585228C0DDF900CF9CB3 /* Post+ViewModels.swift in Sources */,
				BD38586328C15D6600CF9CB3 /* CreatePostRouter.swift in Sources */,
				BD05192C28C19A6D0051DB34 /* CreatePostView.swift in Sources */,
				BDF96FC928BD715E004192D4 /* PostSQLService.swift in Sources */,
				BD2C16F928BFA96000E0EF02 /* String+Image.swift in Sources */,
				BD2C16F128BF8F1400E0EF02 /* ProfileBarView.swift in Sources */,
				BDF96FC528BD6DB1004192D4 /* PostService.swift in Sources */,
				BDF96FB728BCEEEF004192D4 /* User.swift in Sources */,
				BD38583E28C0154B00CF9CB3 /* PostTableViewCell.swift in Sources */,
				BD05193C28C398780051DB34 /* ProfileRouter.swift in Sources */,
				BD05194028C3A2390051DB34 /* ProfileHeaderView.swift in Sources */,
				BD05193128C295450051DB34 /* PostType.swift in Sources */,
				BD38585F28C15D5200CF9CB3 /* CreatePostBuilder.swift in Sources */,
				BDF96FC228BCF9FC004192D4 /* UserLogging.swift in Sources */,
				BD38584428C02E6400CF9CB3 /* RepostTableViewCell.swift in Sources */,
				BD237EFF28BF7446005307C5 /* HomeViewController.swift in Sources */,
				BD38585A28C14BBA00CF9CB3 /* PostsTableViewDataSource.swift in Sources */,
				BD05195928C4093A0051DB34 /* Strings-Posterr.swift in Sources */,
				BD05194428C3B8840051DB34 /* Array+Posts.swift in Sources */,
				BD05192E28C228A00051DB34 /* CreateRepostView.swift in Sources */,
				BD38584928C0654500CF9CB3 /* ViewCodable.swift in Sources */,
				BD38584D28C067B700CF9CB3 /* PostHeaderView.swift in Sources */,
				BD07657E28BBD4FE00725121 /* AppDelegate.swift in Sources */,
				BD237EFD28BF742C005307C5 /* HomeBuilder.swift in Sources */,
				BD05193E28C398840051DB34 /* ProfileViewController.swift in Sources */,
				BDF96FBE28BCF045004192D4 /* UserSQLService.swift in Sources */,
				BD38584228C029D500CF9CB3 /* QuoteTableViewCell.swift in Sources */,
				BD38584028C0158A00CF9CB3 /* ParentPostView.swift in Sources */,
				BD237EFB28BF741D005307C5 /* HomeInteractor.swift in Sources */,
			);
			runOnlyForDeploymentPostprocessing = 0;
		};
		BD07658C28BBD50100725121 /* Sources */ = {
			isa = PBXSourcesBuildPhase;
			buildActionMask = 2147483647;
			files = (
				BDE8514628C5548F008FFC67 /* CreatePostInteractorListenerMock.swift in Sources */,
				BD237EF328BE3CEF005307C5 /* PostSQLServiceTests.swift in Sources */,
				BD05196E28C44BE70051DB34 /* HomeViewControllerTests.swift in Sources */,
				BDE8513328C547DA008FFC67 /* SessionServiceMock.swift in Sources */,
				BDE8514B28C55BAA008FFC67 /* ProfileInteractorTests.swift in Sources */,
				BDE8513728C54954008FFC67 /* HomeInteractorTests.swift in Sources */,
				BDE8513B28C54BAC008FFC67 /* HomeRouterSpy.swift in Sources */,
				BDE8513E28C55203008FFC67 /* CreatePostBuilderTests.swift in Sources */,
				BDE8513928C54A13008FFC67 /* HomePresenterSpy.swift in Sources */,
				BDE8514428C553E9008FFC67 /* CreatePostRouterSpy.swift in Sources */,
				BDE8513128C5478B008FFC67 /* HomeBuilderTests.swift in Sources */,
				BDE8513528C54829008FFC67 /* PostsServiceMock.swift in Sources */,
				BDE8515128C55DFA008FFC67 /* ProfileInteractorListenerMock.swift in Sources */,
				BD05198B28C455090051DB34 /* PostHeaderViewModelMock.swift in Sources */,
				BD05198928C454E90051DB34 /* ParentPostViewModelMock.swift in Sources */,
				BD05197828C44FC80051DB34 /* CreatePostViewControllerTests.swift in Sources */,
				BD05198728C452B70051DB34 /* ProfileViewControllerTests.swift in Sources */,
				BD237EF028BE3B8E005307C5 /* InMemorySessionServiceTests.swift in Sources */,
				BDE8514228C55349008FFC67 /* CreatePostPresenterSpy.swift in Sources */,
				BD05196828C434630051DB34 /* ParentPostViewTests.swift in Sources */,
				BD05194E28C3EF9B0051DB34 /* AppConfigMock.swift in Sources */,
				BDE8515628C59FE5008FFC67 /* Date+TestDate.swift in Sources */,
				BDE8514928C55B62008FFC67 /* ProfileBuilderTests.swift in Sources */,
				BD05195D28C428A20051DB34 /* ProfileImageViewTests.swift in Sources */,
				BDE8514F28C55C9A008FFC67 /* ProfilePresenterSpy.swift in Sources */,
				BD05196028C42E5B0051DB34 /* SnapshotViewTestable.swift in Sources */,
				BDE8514D28C55BDB008FFC67 /* ProfileRouterSpy.swift in Sources */,
				BD05196428C4330D0051DB34 /* PostHeaderViewTests.swift in Sources */,
				BDE8515428C55F0C008FFC67 /* PostType+Equatable.swift in Sources */,
				BDF96FCD28BE3735004192D4 /* UserSQLServiceTests.swift in Sources */,
				BDE8514028C552F4008FFC67 /* CreatePostInteractorTests.swift in Sources */,
				BD05196228C42F530051DB34 /* PostsTableViewTests.swift in Sources */,
			);
			runOnlyForDeploymentPostprocessing = 0;
		};
		BD07659628BBD50100725121 /* Sources */ = {
			isa = PBXSourcesBuildPhase;
			buildActionMask = 2147483647;
			files = (
				BDE8512428C4FCFC008FFC67 /* HomeUITests.swift in Sources */,
				BDE8512B28C50D65008FFC67 /* CreatePostUITests.swift in Sources */,
				BDE8512E28C51A62008FFC67 /* ProfileUITests.swift in Sources */,
			);
			runOnlyForDeploymentPostprocessing = 0;
		};
/* End PBXSourcesBuildPhase section */

/* Begin PBXTargetDependency section */
		BD07659228BBD50100725121 /* PBXTargetDependency */ = {
			isa = PBXTargetDependency;
			target = BD07657928BBD4FE00725121 /* Posterr */;
			targetProxy = BD07659128BBD50100725121 /* PBXContainerItemProxy */;
		};
		BD07659C28BBD50100725121 /* PBXTargetDependency */ = {
			isa = PBXTargetDependency;
			target = BD07657928BBD4FE00725121 /* Posterr */;
			targetProxy = BD07659B28BBD50100725121 /* PBXContainerItemProxy */;
		};
/* End PBXTargetDependency section */

/* Begin PBXVariantGroup section */
		BD05195528C403BB0051DB34 /* Localization.strings */ = {
			isa = PBXVariantGroup;
			children = (
				BD05195428C403BB0051DB34 /* en */,
			);
			name = Localization.strings;
			sourceTree = "<group>";
		};
		BD07658828BBD50000725121 /* LaunchScreen.storyboard */ = {
			isa = PBXVariantGroup;
			children = (
				BD07658928BBD50000725121 /* Base */,
			);
			name = LaunchScreen.storyboard;
			sourceTree = "<group>";
		};
/* End PBXVariantGroup section */

/* Begin XCBuildConfiguration section */
		BD0765A228BBD50100725121 /* Debug */ = {
			isa = XCBuildConfiguration;
			buildSettings = {
				ALWAYS_SEARCH_USER_PATHS = NO;
				CLANG_ANALYZER_NONNULL = YES;
				CLANG_ANALYZER_NUMBER_OBJECT_CONVERSION = YES_AGGRESSIVE;
				CLANG_CXX_LANGUAGE_STANDARD = "gnu++17";
				CLANG_CXX_LIBRARY = "libc++";
				CLANG_ENABLE_MODULES = YES;
				CLANG_ENABLE_OBJC_ARC = YES;
				CLANG_ENABLE_OBJC_WEAK = YES;
				CLANG_WARN_BLOCK_CAPTURE_AUTORELEASING = YES;
				CLANG_WARN_BOOL_CONVERSION = YES;
				CLANG_WARN_COMMA = YES;
				CLANG_WARN_CONSTANT_CONVERSION = YES;
				CLANG_WARN_DEPRECATED_OBJC_IMPLEMENTATIONS = YES;
				CLANG_WARN_DIRECT_OBJC_ISA_USAGE = YES_ERROR;
				CLANG_WARN_DOCUMENTATION_COMMENTS = YES;
				CLANG_WARN_EMPTY_BODY = YES;
				CLANG_WARN_ENUM_CONVERSION = YES;
				CLANG_WARN_INFINITE_RECURSION = YES;
				CLANG_WARN_INT_CONVERSION = YES;
				CLANG_WARN_NON_LITERAL_NULL_CONVERSION = YES;
				CLANG_WARN_OBJC_IMPLICIT_RETAIN_SELF = YES;
				CLANG_WARN_OBJC_LITERAL_CONVERSION = YES;
				CLANG_WARN_OBJC_ROOT_CLASS = YES_ERROR;
				CLANG_WARN_QUOTED_INCLUDE_IN_FRAMEWORK_HEADER = YES;
				CLANG_WARN_RANGE_LOOP_ANALYSIS = YES;
				CLANG_WARN_STRICT_PROTOTYPES = YES;
				CLANG_WARN_SUSPICIOUS_MOVE = YES;
				CLANG_WARN_UNGUARDED_AVAILABILITY = YES_AGGRESSIVE;
				CLANG_WARN_UNREACHABLE_CODE = YES;
				CLANG_WARN__DUPLICATE_METHOD_MATCH = YES;
				COPY_PHASE_STRIP = NO;
				DEBUG_INFORMATION_FORMAT = dwarf;
				ENABLE_STRICT_OBJC_MSGSEND = YES;
				ENABLE_TESTABILITY = YES;
				GCC_C_LANGUAGE_STANDARD = gnu11;
				GCC_DYNAMIC_NO_PIC = NO;
				GCC_NO_COMMON_BLOCKS = YES;
				GCC_OPTIMIZATION_LEVEL = 0;
				GCC_PREPROCESSOR_DEFINITIONS = (
					"DEBUG=1",
					"$(inherited)",
				);
				GCC_WARN_64_TO_32_BIT_CONVERSION = YES;
				GCC_WARN_ABOUT_RETURN_TYPE = YES_ERROR;
				GCC_WARN_UNDECLARED_SELECTOR = YES;
				GCC_WARN_UNINITIALIZED_AUTOS = YES_AGGRESSIVE;
				GCC_WARN_UNUSED_FUNCTION = YES;
				GCC_WARN_UNUSED_VARIABLE = YES;
				IPHONEOS_DEPLOYMENT_TARGET = 15.0;
				MTL_ENABLE_DEBUG_INFO = INCLUDE_SOURCE;
				MTL_FAST_MATH = YES;
				ONLY_ACTIVE_ARCH = YES;
				SDKROOT = iphoneos;
				SWIFT_ACTIVE_COMPILATION_CONDITIONS = DEBUG;
				SWIFT_OPTIMIZATION_LEVEL = "-Onone";
			};
			name = Debug;
		};
		BD0765A328BBD50100725121 /* Release */ = {
			isa = XCBuildConfiguration;
			buildSettings = {
				ALWAYS_SEARCH_USER_PATHS = NO;
				CLANG_ANALYZER_NONNULL = YES;
				CLANG_ANALYZER_NUMBER_OBJECT_CONVERSION = YES_AGGRESSIVE;
				CLANG_CXX_LANGUAGE_STANDARD = "gnu++17";
				CLANG_CXX_LIBRARY = "libc++";
				CLANG_ENABLE_MODULES = YES;
				CLANG_ENABLE_OBJC_ARC = YES;
				CLANG_ENABLE_OBJC_WEAK = YES;
				CLANG_WARN_BLOCK_CAPTURE_AUTORELEASING = YES;
				CLANG_WARN_BOOL_CONVERSION = YES;
				CLANG_WARN_COMMA = YES;
				CLANG_WARN_CONSTANT_CONVERSION = YES;
				CLANG_WARN_DEPRECATED_OBJC_IMPLEMENTATIONS = YES;
				CLANG_WARN_DIRECT_OBJC_ISA_USAGE = YES_ERROR;
				CLANG_WARN_DOCUMENTATION_COMMENTS = YES;
				CLANG_WARN_EMPTY_BODY = YES;
				CLANG_WARN_ENUM_CONVERSION = YES;
				CLANG_WARN_INFINITE_RECURSION = YES;
				CLANG_WARN_INT_CONVERSION = YES;
				CLANG_WARN_NON_LITERAL_NULL_CONVERSION = YES;
				CLANG_WARN_OBJC_IMPLICIT_RETAIN_SELF = YES;
				CLANG_WARN_OBJC_LITERAL_CONVERSION = YES;
				CLANG_WARN_OBJC_ROOT_CLASS = YES_ERROR;
				CLANG_WARN_QUOTED_INCLUDE_IN_FRAMEWORK_HEADER = YES;
				CLANG_WARN_RANGE_LOOP_ANALYSIS = YES;
				CLANG_WARN_STRICT_PROTOTYPES = YES;
				CLANG_WARN_SUSPICIOUS_MOVE = YES;
				CLANG_WARN_UNGUARDED_AVAILABILITY = YES_AGGRESSIVE;
				CLANG_WARN_UNREACHABLE_CODE = YES;
				CLANG_WARN__DUPLICATE_METHOD_MATCH = YES;
				COPY_PHASE_STRIP = NO;
				DEBUG_INFORMATION_FORMAT = "dwarf-with-dsym";
				ENABLE_NS_ASSERTIONS = NO;
				ENABLE_STRICT_OBJC_MSGSEND = YES;
				GCC_C_LANGUAGE_STANDARD = gnu11;
				GCC_NO_COMMON_BLOCKS = YES;
				GCC_WARN_64_TO_32_BIT_CONVERSION = YES;
				GCC_WARN_ABOUT_RETURN_TYPE = YES_ERROR;
				GCC_WARN_UNDECLARED_SELECTOR = YES;
				GCC_WARN_UNINITIALIZED_AUTOS = YES_AGGRESSIVE;
				GCC_WARN_UNUSED_FUNCTION = YES;
				GCC_WARN_UNUSED_VARIABLE = YES;
				IPHONEOS_DEPLOYMENT_TARGET = 15.0;
				MTL_ENABLE_DEBUG_INFO = NO;
				MTL_FAST_MATH = YES;
				SDKROOT = iphoneos;
				SWIFT_COMPILATION_MODE = wholemodule;
				SWIFT_OPTIMIZATION_LEVEL = "-O";
				VALIDATE_PRODUCT = YES;
			};
			name = Release;
		};
		BD0765A528BBD50100725121 /* Debug */ = {
			isa = XCBuildConfiguration;
			baseConfigurationReference = F7B1F179D1FA8180D2866265 /* Pods-Posterr.debug.xcconfig */;
			buildSettings = {
				ASSETCATALOG_COMPILER_APPICON_NAME = AppIcon;
				ASSETCATALOG_COMPILER_GLOBAL_ACCENT_COLOR_NAME = AccentColor;
				CODE_SIGN_STYLE = Automatic;
				CURRENT_PROJECT_VERSION = 1;
				GENERATE_INFOPLIST_FILE = YES;
				INFOPLIST_FILE = Posterr/Info.plist;
				INFOPLIST_KEY_UIApplicationSupportsIndirectInputEvents = YES;
				INFOPLIST_KEY_UILaunchStoryboardName = LaunchScreen;
				INFOPLIST_KEY_UISupportedInterfaceOrientations_iPad = "UIInterfaceOrientationPortrait UIInterfaceOrientationPortraitUpsideDown UIInterfaceOrientationLandscapeLeft UIInterfaceOrientationLandscapeRight";
				INFOPLIST_KEY_UISupportedInterfaceOrientations_iPhone = "UIInterfaceOrientationPortrait UIInterfaceOrientationLandscapeLeft UIInterfaceOrientationLandscapeRight";
				LD_RUNPATH_SEARCH_PATHS = (
					"$(inherited)",
					"@executable_path/Frameworks",
				);
				LIBRARY_SEARCH_PATHS = (
					"$(inherited)",
					"$(SDKROOT)/usr/lib/swift",
				);
				MARKETING_VERSION = 1.0;
				PRODUCT_BUNDLE_IDENTIFIER = com.mmarques.posterr;
				PRODUCT_NAME = "$(TARGET_NAME)";
				SWIFT_ACTIVE_COMPILATION_CONDITIONS = DEBUG;
				SWIFT_EMIT_LOC_STRINGS = YES;
				SWIFT_VERSION = 5.0;
				TARGETED_DEVICE_FAMILY = "1,2";
			};
			name = Debug;
		};
		BD0765A628BBD50100725121 /* Release */ = {
			isa = XCBuildConfiguration;
			baseConfigurationReference = B0878789B701FBBAC126C84B /* Pods-Posterr.release.xcconfig */;
			buildSettings = {
				ASSETCATALOG_COMPILER_APPICON_NAME = AppIcon;
				ASSETCATALOG_COMPILER_GLOBAL_ACCENT_COLOR_NAME = AccentColor;
				CODE_SIGN_STYLE = Automatic;
				CURRENT_PROJECT_VERSION = 1;
				GENERATE_INFOPLIST_FILE = YES;
				INFOPLIST_FILE = Posterr/Info.plist;
				INFOPLIST_KEY_UIApplicationSupportsIndirectInputEvents = YES;
				INFOPLIST_KEY_UILaunchStoryboardName = LaunchScreen;
				INFOPLIST_KEY_UISupportedInterfaceOrientations_iPad = "UIInterfaceOrientationPortrait UIInterfaceOrientationPortraitUpsideDown UIInterfaceOrientationLandscapeLeft UIInterfaceOrientationLandscapeRight";
				INFOPLIST_KEY_UISupportedInterfaceOrientations_iPhone = "UIInterfaceOrientationPortrait UIInterfaceOrientationLandscapeLeft UIInterfaceOrientationLandscapeRight";
				LD_RUNPATH_SEARCH_PATHS = (
					"$(inherited)",
					"@executable_path/Frameworks",
				);
				LIBRARY_SEARCH_PATHS = (
					"$(inherited)",
					"$(SDKROOT)/usr/lib/swift",
				);
				MARKETING_VERSION = 1.0;
				PRODUCT_BUNDLE_IDENTIFIER = com.mmarques.posterr;
				PRODUCT_NAME = "$(TARGET_NAME)";
				SWIFT_EMIT_LOC_STRINGS = YES;
				SWIFT_VERSION = 5.0;
				TARGETED_DEVICE_FAMILY = "1,2";
			};
			name = Release;
		};
		BD0765A828BBD50100725121 /* Debug */ = {
			isa = XCBuildConfiguration;
			baseConfigurationReference = ABC7897477489A6AC171F2E7 /* Pods-PosterrTests.debug.xcconfig */;
			buildSettings = {
				ALWAYS_EMBED_SWIFT_STANDARD_LIBRARIES = YES;
				BUNDLE_LOADER = "$(TEST_HOST)";
				CODE_SIGN_STYLE = Automatic;
				CURRENT_PROJECT_VERSION = 1;
				GENERATE_INFOPLIST_FILE = YES;
				IPHONEOS_DEPLOYMENT_TARGET = 15.0;
				LD_RUNPATH_SEARCH_PATHS = (
					"$(inherited)",
					"@executable_path/Frameworks",
					"@loader_path/Frameworks",
				);
				MARKETING_VERSION = 1.0;
				PRODUCT_BUNDLE_IDENTIFIER = com.mmarques.posterr.PosterrTests;
				PRODUCT_NAME = "$(TARGET_NAME)";
				SWIFT_EMIT_LOC_STRINGS = NO;
				SWIFT_VERSION = 5.0;
				TARGETED_DEVICE_FAMILY = "1,2";
				TEST_HOST = "$(BUILT_PRODUCTS_DIR)/Posterr.app/Posterr";
			};
			name = Debug;
		};
		BD0765A928BBD50100725121 /* Release */ = {
			isa = XCBuildConfiguration;
			baseConfigurationReference = 7B757970E9D6C24D1546846C /* Pods-PosterrTests.release.xcconfig */;
			buildSettings = {
				ALWAYS_EMBED_SWIFT_STANDARD_LIBRARIES = YES;
				BUNDLE_LOADER = "$(TEST_HOST)";
				CODE_SIGN_STYLE = Automatic;
				CURRENT_PROJECT_VERSION = 1;
				GENERATE_INFOPLIST_FILE = YES;
				IPHONEOS_DEPLOYMENT_TARGET = 15.0;
				LD_RUNPATH_SEARCH_PATHS = (
					"$(inherited)",
					"@executable_path/Frameworks",
					"@loader_path/Frameworks",
				);
				MARKETING_VERSION = 1.0;
				PRODUCT_BUNDLE_IDENTIFIER = com.mmarques.posterr.PosterrTests;
				PRODUCT_NAME = "$(TARGET_NAME)";
				SWIFT_EMIT_LOC_STRINGS = NO;
				SWIFT_VERSION = 5.0;
				TARGETED_DEVICE_FAMILY = "1,2";
				TEST_HOST = "$(BUILT_PRODUCTS_DIR)/Posterr.app/Posterr";
			};
			name = Release;
		};
		BD0765AB28BBD50100725121 /* Debug */ = {
			isa = XCBuildConfiguration;
			baseConfigurationReference = B3C854572240285A99D25330 /* Pods-PosterrUITests.debug.xcconfig */;
			buildSettings = {
				ALWAYS_EMBED_SWIFT_STANDARD_LIBRARIES = YES;
				CLANG_ENABLE_MODULES = YES;
				CODE_SIGN_STYLE = Automatic;
				CURRENT_PROJECT_VERSION = 1;
				GENERATE_INFOPLIST_FILE = YES;
				LD_RUNPATH_SEARCH_PATHS = (
					"$(inherited)",
					"@executable_path/Frameworks",
					"@loader_path/Frameworks",
				);
				MARKETING_VERSION = 1.0;
				PRODUCT_BUNDLE_IDENTIFIER = com.mmarques.posterr.PosterrUITests;
				PRODUCT_NAME = "$(TARGET_NAME)";
				SWIFT_ACTIVE_COMPILATION_CONDITIONS = DEBUG;
				SWIFT_EMIT_LOC_STRINGS = NO;
				SWIFT_OBJC_BRIDGING_HEADER = "PosterrUITests/PosterrUITests-Bridging-Header.h";
				SWIFT_OPTIMIZATION_LEVEL = "-Onone";
				SWIFT_VERSION = 5.0;
				TARGETED_DEVICE_FAMILY = "1,2";
				TEST_TARGET_NAME = Posterr;
			};
			name = Debug;
		};
		BD0765AC28BBD50100725121 /* Release */ = {
			isa = XCBuildConfiguration;
			baseConfigurationReference = 97FD2D27D63C1901C8B967AD /* Pods-PosterrUITests.release.xcconfig */;
			buildSettings = {
				ALWAYS_EMBED_SWIFT_STANDARD_LIBRARIES = YES;
				CLANG_ENABLE_MODULES = YES;
				CODE_SIGN_STYLE = Automatic;
				CURRENT_PROJECT_VERSION = 1;
				GENERATE_INFOPLIST_FILE = YES;
				LD_RUNPATH_SEARCH_PATHS = (
					"$(inherited)",
					"@executable_path/Frameworks",
					"@loader_path/Frameworks",
				);
				MARKETING_VERSION = 1.0;
				PRODUCT_BUNDLE_IDENTIFIER = com.mmarques.posterr.PosterrUITests;
				PRODUCT_NAME = "$(TARGET_NAME)";
				SWIFT_EMIT_LOC_STRINGS = NO;
				SWIFT_OBJC_BRIDGING_HEADER = "PosterrUITests/PosterrUITests-Bridging-Header.h";
				SWIFT_VERSION = 5.0;
				TARGETED_DEVICE_FAMILY = "1,2";
				TEST_TARGET_NAME = Posterr;
			};
			name = Release;
		};
		BDE8511E28C469A7008FFC67 /* UITesting */ = {
			isa = XCBuildConfiguration;
			buildSettings = {
				ALWAYS_SEARCH_USER_PATHS = NO;
				CLANG_ANALYZER_NONNULL = YES;
				CLANG_ANALYZER_NUMBER_OBJECT_CONVERSION = YES_AGGRESSIVE;
				CLANG_CXX_LANGUAGE_STANDARD = "gnu++17";
				CLANG_CXX_LIBRARY = "libc++";
				CLANG_ENABLE_MODULES = YES;
				CLANG_ENABLE_OBJC_ARC = YES;
				CLANG_ENABLE_OBJC_WEAK = YES;
				CLANG_WARN_BLOCK_CAPTURE_AUTORELEASING = YES;
				CLANG_WARN_BOOL_CONVERSION = YES;
				CLANG_WARN_COMMA = YES;
				CLANG_WARN_CONSTANT_CONVERSION = YES;
				CLANG_WARN_DEPRECATED_OBJC_IMPLEMENTATIONS = YES;
				CLANG_WARN_DIRECT_OBJC_ISA_USAGE = YES_ERROR;
				CLANG_WARN_DOCUMENTATION_COMMENTS = YES;
				CLANG_WARN_EMPTY_BODY = YES;
				CLANG_WARN_ENUM_CONVERSION = YES;
				CLANG_WARN_INFINITE_RECURSION = YES;
				CLANG_WARN_INT_CONVERSION = YES;
				CLANG_WARN_NON_LITERAL_NULL_CONVERSION = YES;
				CLANG_WARN_OBJC_IMPLICIT_RETAIN_SELF = YES;
				CLANG_WARN_OBJC_LITERAL_CONVERSION = YES;
				CLANG_WARN_OBJC_ROOT_CLASS = YES_ERROR;
				CLANG_WARN_QUOTED_INCLUDE_IN_FRAMEWORK_HEADER = YES;
				CLANG_WARN_RANGE_LOOP_ANALYSIS = YES;
				CLANG_WARN_STRICT_PROTOTYPES = YES;
				CLANG_WARN_SUSPICIOUS_MOVE = YES;
				CLANG_WARN_UNGUARDED_AVAILABILITY = YES_AGGRESSIVE;
				CLANG_WARN_UNREACHABLE_CODE = YES;
				CLANG_WARN__DUPLICATE_METHOD_MATCH = YES;
				COPY_PHASE_STRIP = NO;
				DEBUG_INFORMATION_FORMAT = dwarf;
				ENABLE_STRICT_OBJC_MSGSEND = YES;
				ENABLE_TESTABILITY = YES;
				GCC_C_LANGUAGE_STANDARD = gnu11;
				GCC_DYNAMIC_NO_PIC = NO;
				GCC_NO_COMMON_BLOCKS = YES;
				GCC_OPTIMIZATION_LEVEL = 0;
				GCC_PREPROCESSOR_DEFINITIONS = (
					"DEBUG=1",
					"$(inherited)",
				);
				GCC_WARN_64_TO_32_BIT_CONVERSION = YES;
				GCC_WARN_ABOUT_RETURN_TYPE = YES_ERROR;
				GCC_WARN_UNDECLARED_SELECTOR = YES;
				GCC_WARN_UNINITIALIZED_AUTOS = YES_AGGRESSIVE;
				GCC_WARN_UNUSED_FUNCTION = YES;
				GCC_WARN_UNUSED_VARIABLE = YES;
				IPHONEOS_DEPLOYMENT_TARGET = 15.0;
				MTL_ENABLE_DEBUG_INFO = INCLUDE_SOURCE;
				MTL_FAST_MATH = YES;
				ONLY_ACTIVE_ARCH = YES;
				SDKROOT = iphoneos;
				SWIFT_ACTIVE_COMPILATION_CONDITIONS = DEBUG;
				SWIFT_OPTIMIZATION_LEVEL = "-Onone";
			};
			name = UITesting;
		};
		BDE8511F28C469A7008FFC67 /* UITesting */ = {
			isa = XCBuildConfiguration;
			baseConfigurationReference = 6A33B8F215E85FFBF487C559 /* Pods-Posterr.uitesting.xcconfig */;
			buildSettings = {
				ASSETCATALOG_COMPILER_APPICON_NAME = AppIcon;
				ASSETCATALOG_COMPILER_GLOBAL_ACCENT_COLOR_NAME = AccentColor;
				CODE_SIGN_STYLE = Automatic;
				CURRENT_PROJECT_VERSION = 1;
				GCC_PREPROCESSOR_DEFINITIONS = (
					"$(inherited)",
					"COCOAPODS=1",
					"UITesting=1",
				);
				GENERATE_INFOPLIST_FILE = YES;
				INFOPLIST_FILE = Posterr/Info.plist;
				INFOPLIST_KEY_UIApplicationSupportsIndirectInputEvents = YES;
				INFOPLIST_KEY_UILaunchStoryboardName = LaunchScreen;
				INFOPLIST_KEY_UISupportedInterfaceOrientations_iPad = "UIInterfaceOrientationPortrait UIInterfaceOrientationPortraitUpsideDown UIInterfaceOrientationLandscapeLeft UIInterfaceOrientationLandscapeRight";
				INFOPLIST_KEY_UISupportedInterfaceOrientations_iPhone = "UIInterfaceOrientationPortrait UIInterfaceOrientationLandscapeLeft UIInterfaceOrientationLandscapeRight";
				LD_RUNPATH_SEARCH_PATHS = (
					"$(inherited)",
					"@executable_path/Frameworks",
				);
				LIBRARY_SEARCH_PATHS = (
					"$(inherited)",
					"$(SDKROOT)/usr/lib/swift",
				);
				MARKETING_VERSION = 1.0;
				PRODUCT_BUNDLE_IDENTIFIER = com.mmarques.posterr;
				PRODUCT_NAME = "$(TARGET_NAME)";
				SWIFT_ACTIVE_COMPILATION_CONDITIONS = "DEBUG UITesting";
				SWIFT_EMIT_LOC_STRINGS = YES;
				SWIFT_VERSION = 5.0;
				TARGETED_DEVICE_FAMILY = "1,2";
			};
			name = UITesting;
		};
		BDE8512028C469A7008FFC67 /* UITesting */ = {
			isa = XCBuildConfiguration;
			baseConfigurationReference = 80BFC6AA31570BAE0CAC52FB /* Pods-PosterrTests.uitesting.xcconfig */;
			buildSettings = {
				ALWAYS_EMBED_SWIFT_STANDARD_LIBRARIES = YES;
				BUNDLE_LOADER = "$(TEST_HOST)";
				CODE_SIGN_STYLE = Automatic;
				CURRENT_PROJECT_VERSION = 1;
				GENERATE_INFOPLIST_FILE = YES;
				IPHONEOS_DEPLOYMENT_TARGET = 15.0;
				LD_RUNPATH_SEARCH_PATHS = (
					"$(inherited)",
					"@executable_path/Frameworks",
					"@loader_path/Frameworks",
				);
				MARKETING_VERSION = 1.0;
				PRODUCT_BUNDLE_IDENTIFIER = com.mmarques.posterr.PosterrTests;
				PRODUCT_NAME = "$(TARGET_NAME)";
				SWIFT_EMIT_LOC_STRINGS = NO;
				SWIFT_VERSION = 5.0;
				TARGETED_DEVICE_FAMILY = "1,2";
				TEST_HOST = "$(BUILT_PRODUCTS_DIR)/Posterr.app/Posterr";
			};
			name = UITesting;
		};
		BDE8512128C469A7008FFC67 /* UITesting */ = {
			isa = XCBuildConfiguration;
			baseConfigurationReference = 0CE411280813FD7205CF15A5 /* Pods-PosterrUITests.uitesting.xcconfig */;
			buildSettings = {
				ALWAYS_EMBED_SWIFT_STANDARD_LIBRARIES = YES;
				CLANG_ENABLE_MODULES = YES;
				CODE_SIGN_STYLE = Automatic;
				CURRENT_PROJECT_VERSION = 1;
				GCC_PREPROCESSOR_DEFINITIONS = (
					"$(inherited)",
					"COCOAPODS=1",
					"UITesting=1",
				);
				GENERATE_INFOPLIST_FILE = YES;
				LD_RUNPATH_SEARCH_PATHS = (
					"$(inherited)",
					"@executable_path/Frameworks",
					"@loader_path/Frameworks",
				);
				MARKETING_VERSION = 1.0;
				PRODUCT_BUNDLE_IDENTIFIER = com.mmarques.posterr.PosterrUITests;
				PRODUCT_NAME = "$(TARGET_NAME)";
				SWIFT_ACTIVE_COMPILATION_CONDITIONS = "DEBUG UITesting";
				SWIFT_EMIT_LOC_STRINGS = NO;
				SWIFT_OBJC_BRIDGING_HEADER = "PosterrUITests/PosterrUITests-Bridging-Header.h";
				SWIFT_OPTIMIZATION_LEVEL = "-Onone";
				SWIFT_VERSION = 5.0;
				TARGETED_DEVICE_FAMILY = "1,2";
				TEST_TARGET_NAME = Posterr;
			};
			name = UITesting;
		};
/* End XCBuildConfiguration section */

/* Begin XCConfigurationList section */
		BD07657528BBD4FE00725121 /* Build configuration list for PBXProject "Posterr" */ = {
			isa = XCConfigurationList;
			buildConfigurations = (
				BD0765A228BBD50100725121 /* Debug */,
				BDE8511E28C469A7008FFC67 /* UITesting */,
				BD0765A328BBD50100725121 /* Release */,
			);
			defaultConfigurationIsVisible = 0;
			defaultConfigurationName = Release;
		};
		BD0765A428BBD50100725121 /* Build configuration list for PBXNativeTarget "Posterr" */ = {
			isa = XCConfigurationList;
			buildConfigurations = (
				BD0765A528BBD50100725121 /* Debug */,
				BDE8511F28C469A7008FFC67 /* UITesting */,
				BD0765A628BBD50100725121 /* Release */,
			);
			defaultConfigurationIsVisible = 0;
			defaultConfigurationName = Release;
		};
		BD0765A728BBD50100725121 /* Build configuration list for PBXNativeTarget "PosterrTests" */ = {
			isa = XCConfigurationList;
			buildConfigurations = (
				BD0765A828BBD50100725121 /* Debug */,
				BDE8512028C469A7008FFC67 /* UITesting */,
				BD0765A928BBD50100725121 /* Release */,
			);
			defaultConfigurationIsVisible = 0;
			defaultConfigurationName = Release;
		};
		BD0765AA28BBD50100725121 /* Build configuration list for PBXNativeTarget "PosterrUITests" */ = {
			isa = XCConfigurationList;
			buildConfigurations = (
				BD0765AB28BBD50100725121 /* Debug */,
				BDE8512128C469A7008FFC67 /* UITesting */,
				BD0765AC28BBD50100725121 /* Release */,
			);
			defaultConfigurationIsVisible = 0;
			defaultConfigurationName = Release;
		};
/* End XCConfigurationList section */
	};
	rootObject = BD07657228BBD4FE00725121 /* Project object */;
}
