// !$*UTF8*$!
{
	archiveVersion = 1;
	classes = {
	};
	objectVersion = 55;
	objects = {

/* Begin PBXBuildFile section */
		81E8D9E76A59B1AA584D4320 /* Pods_PosterrUITests.framework in Frameworks */ = {isa = PBXBuildFile; fileRef = 4A63EACDDE24D7C0A52E840F /* Pods_PosterrUITests.framework */; };
		95DD4ED1C0A1A5DECDDFCC2C /* Pods_Posterr.framework in Frameworks */ = {isa = PBXBuildFile; fileRef = 11EA4656EBBB2F0D8FCF8055 /* Pods_Posterr.framework */; };
		BD07657E28BBD4FE00725121 /* AppDelegate.swift in Sources */ = {isa = PBXBuildFile; fileRef = BD07657D28BBD4FE00725121 /* AppDelegate.swift */; };
		BD07658228BBD4FE00725121 /* ViewController.swift in Sources */ = {isa = PBXBuildFile; fileRef = BD07658128BBD4FE00725121 /* ViewController.swift */; };
		BD07658728BBD50000725121 /* Assets.xcassets in Resources */ = {isa = PBXBuildFile; fileRef = BD07658628BBD50000725121 /* Assets.xcassets */; };
		BD07658A28BBD50000725121 /* LaunchScreen.storyboard in Resources */ = {isa = PBXBuildFile; fileRef = BD07658828BBD50000725121 /* LaunchScreen.storyboard */; };
		BD07659F28BBD50100725121 /* PosterrUITests.swift in Sources */ = {isa = PBXBuildFile; fileRef = BD07659E28BBD50100725121 /* PosterrUITests.swift */; };
		BD0765A128BBD50100725121 /* PosterrUITestsLaunchTests.swift in Sources */ = {isa = PBXBuildFile; fileRef = BD0765A028BBD50100725121 /* PosterrUITestsLaunchTests.swift */; };
		BD237EED28BE3A52005307C5 /* posterr_test.db in Resources */ = {isa = PBXBuildFile; fileRef = BDF96FCF28BE37C8004192D4 /* posterr_test.db */; };
		BD237EF028BE3B8E005307C5 /* InMemorySessionServiceTests.swift in Sources */ = {isa = PBXBuildFile; fileRef = BD237EEF28BE3B8E005307C5 /* InMemorySessionServiceTests.swift */; };
		BD237EF328BE3CEF005307C5 /* PostSQLServiceTests.swift in Sources */ = {isa = PBXBuildFile; fileRef = BD237EF228BE3CEF005307C5 /* PostSQLServiceTests.swift */; };
		BD237EF528BE3F4E005307C5 /* SQLDatabaseCleaner.swift in Sources */ = {isa = PBXBuildFile; fileRef = BD237EF428BE3F4D005307C5 /* SQLDatabaseCleaner.swift */; };
		BDF96FAD28BC1CAF004192D4 /* posterr.db in Resources */ = {isa = PBXBuildFile; fileRef = BDF96FAC28BC1CAF004192D4 /* posterr.db */; };
		BDF96FAF28BCECA3004192D4 /* DatabaseHelper.swift in Sources */ = {isa = PBXBuildFile; fileRef = BDF96FAE28BCECA3004192D4 /* DatabaseHelper.swift */; };
		BDF96FB428BCEECB004192D4 /* UserService.swift in Sources */ = {isa = PBXBuildFile; fileRef = BDF96FB328BCEECB004192D4 /* UserService.swift */; };
		BDF96FB728BCEEEF004192D4 /* User.swift in Sources */ = {isa = PBXBuildFile; fileRef = BDF96FB628BCEEEF004192D4 /* User.swift */; };
		BDF96FBA28BCEF66004192D4 /* SessionService.swift in Sources */ = {isa = PBXBuildFile; fileRef = BDF96FB928BCEF66004192D4 /* SessionService.swift */; };
		BDF96FBC28BCEFCD004192D4 /* InMemorySessionService.swift in Sources */ = {isa = PBXBuildFile; fileRef = BDF96FBB28BCEFCD004192D4 /* InMemorySessionService.swift */; };
		BDF96FBE28BCF045004192D4 /* UserSQLService.swift in Sources */ = {isa = PBXBuildFile; fileRef = BDF96FBD28BCF045004192D4 /* UserSQLService.swift */; };
		BDF96FC228BCF9FC004192D4 /* UserLogging.swift in Sources */ = {isa = PBXBuildFile; fileRef = BDF96FC128BCF9FC004192D4 /* UserLogging.swift */; };
		BDF96FC528BD6DB1004192D4 /* PostService.swift in Sources */ = {isa = PBXBuildFile; fileRef = BDF96FC428BD6DB1004192D4 /* PostService.swift */; };
		BDF96FC728BD6DD0004192D4 /* Post.swift in Sources */ = {isa = PBXBuildFile; fileRef = BDF96FC628BD6DD0004192D4 /* Post.swift */; };
		BDF96FC928BD715E004192D4 /* PostSQLService.swift in Sources */ = {isa = PBXBuildFile; fileRef = BDF96FC828BD715E004192D4 /* PostSQLService.swift */; };
		BDF96FCD28BE3735004192D4 /* UserSQLServiceTests.swift in Sources */ = {isa = PBXBuildFile; fileRef = BDF96FCC28BE3735004192D4 /* UserSQLServiceTests.swift */; };
		CDE672A30CAEBC804DA037A7 /* Pods_PosterrTests.framework in Frameworks */ = {isa = PBXBuildFile; fileRef = 7F16A96968F59B1BD6D3A577 /* Pods_PosterrTests.framework */; };
/* End PBXBuildFile section */

/* Begin PBXContainerItemProxy section */
		BD07659128BBD50100725121 /* PBXContainerItemProxy */ = {
			isa = PBXContainerItemProxy;
			containerPortal = BD07657228BBD4FE00725121 /* Project object */;
			proxyType = 1;
			remoteGlobalIDString = BD07657928BBD4FE00725121;
			remoteInfo = Posterr;
		};
		BD07659B28BBD50100725121 /* PBXContainerItemProxy */ = {
			isa = PBXContainerItemProxy;
			containerPortal = BD07657228BBD4FE00725121 /* Project object */;
			proxyType = 1;
			remoteGlobalIDString = BD07657928BBD4FE00725121;
			remoteInfo = Posterr;
		};
/* End PBXContainerItemProxy section */

/* Begin PBXFileReference section */
		11EA4656EBBB2F0D8FCF8055 /* Pods_Posterr.framework */ = {isa = PBXFileReference; explicitFileType = wrapper.framework; includeInIndex = 0; path = Pods_Posterr.framework; sourceTree = BUILT_PRODUCTS_DIR; };
		201A4747F72C52A4668C7B93 /* Pods-PosterrUITests.debug.xcconfig */ = {isa = PBXFileReference; includeInIndex = 1; lastKnownFileType = text.xcconfig; name = "Pods-PosterrUITests.debug.xcconfig"; path = "Target Support Files/Pods-PosterrUITests/Pods-PosterrUITests.debug.xcconfig"; sourceTree = "<group>"; };
		454850EB084D3710CA6C80F6 /* Pods-PosterrTests.release.xcconfig */ = {isa = PBXFileReference; includeInIndex = 1; lastKnownFileType = text.xcconfig; name = "Pods-PosterrTests.release.xcconfig"; path = "Target Support Files/Pods-PosterrTests/Pods-PosterrTests.release.xcconfig"; sourceTree = "<group>"; };
		4A63EACDDE24D7C0A52E840F /* Pods_PosterrUITests.framework */ = {isa = PBXFileReference; explicitFileType = wrapper.framework; includeInIndex = 0; path = Pods_PosterrUITests.framework; sourceTree = BUILT_PRODUCTS_DIR; };
		7F16A96968F59B1BD6D3A577 /* Pods_PosterrTests.framework */ = {isa = PBXFileReference; explicitFileType = wrapper.framework; includeInIndex = 0; path = Pods_PosterrTests.framework; sourceTree = BUILT_PRODUCTS_DIR; };
		AF9D97B5C5DE3BBADED90EF6 /* Pods-Posterr.release.xcconfig */ = {isa = PBXFileReference; includeInIndex = 1; lastKnownFileType = text.xcconfig; name = "Pods-Posterr.release.xcconfig"; path = "Target Support Files/Pods-Posterr/Pods-Posterr.release.xcconfig"; sourceTree = "<group>"; };
		BD07657A28BBD4FE00725121 /* Posterr.app */ = {isa = PBXFileReference; explicitFileType = wrapper.application; includeInIndex = 0; path = Posterr.app; sourceTree = BUILT_PRODUCTS_DIR; };
		BD07657D28BBD4FE00725121 /* AppDelegate.swift */ = {isa = PBXFileReference; lastKnownFileType = sourcecode.swift; path = AppDelegate.swift; sourceTree = "<group>"; };
		BD07658128BBD4FE00725121 /* ViewController.swift */ = {isa = PBXFileReference; lastKnownFileType = sourcecode.swift; path = ViewController.swift; sourceTree = "<group>"; };
		BD07658628BBD50000725121 /* Assets.xcassets */ = {isa = PBXFileReference; lastKnownFileType = folder.assetcatalog; path = Assets.xcassets; sourceTree = "<group>"; };
		BD07658928BBD50000725121 /* Base */ = {isa = PBXFileReference; lastKnownFileType = file.storyboard; name = Base; path = Base.lproj/LaunchScreen.storyboard; sourceTree = "<group>"; };
		BD07658B28BBD50000725121 /* Info.plist */ = {isa = PBXFileReference; lastKnownFileType = text.plist.xml; path = Info.plist; sourceTree = "<group>"; };
		BD07659028BBD50100725121 /* PosterrTests.xctest */ = {isa = PBXFileReference; explicitFileType = wrapper.cfbundle; includeInIndex = 0; path = PosterrTests.xctest; sourceTree = BUILT_PRODUCTS_DIR; };
		BD07659A28BBD50100725121 /* PosterrUITests.xctest */ = {isa = PBXFileReference; explicitFileType = wrapper.cfbundle; includeInIndex = 0; path = PosterrUITests.xctest; sourceTree = BUILT_PRODUCTS_DIR; };
		BD07659E28BBD50100725121 /* PosterrUITests.swift */ = {isa = PBXFileReference; lastKnownFileType = sourcecode.swift; path = PosterrUITests.swift; sourceTree = "<group>"; };
		BD0765A028BBD50100725121 /* PosterrUITestsLaunchTests.swift */ = {isa = PBXFileReference; lastKnownFileType = sourcecode.swift; path = PosterrUITestsLaunchTests.swift; sourceTree = "<group>"; };
		BD237EEF28BE3B8E005307C5 /* InMemorySessionServiceTests.swift */ = {isa = PBXFileReference; lastKnownFileType = sourcecode.swift; path = InMemorySessionServiceTests.swift; sourceTree = "<group>"; };
		BD237EF228BE3CEF005307C5 /* PostSQLServiceTests.swift */ = {isa = PBXFileReference; lastKnownFileType = sourcecode.swift; path = PostSQLServiceTests.swift; sourceTree = "<group>"; };
		BD237EF428BE3F4D005307C5 /* SQLDatabaseCleaner.swift */ = {isa = PBXFileReference; lastKnownFileType = sourcecode.swift; path = SQLDatabaseCleaner.swift; sourceTree = "<group>"; };
		BDF96FA628BBF384004192D4 /* libswift_Concurrency.tbd */ = {isa = PBXFileReference; lastKnownFileType = "sourcecode.text-based-dylib-definition"; name = libswift_Concurrency.tbd; path = usr/lib/swift/libswift_Concurrency.tbd; sourceTree = SDKROOT; };
		BDF96FAC28BC1CAF004192D4 /* posterr.db */ = {isa = PBXFileReference; lastKnownFileType = file; path = posterr.db; sourceTree = "<group>"; };
		BDF96FAE28BCECA3004192D4 /* DatabaseHelper.swift */ = {isa = PBXFileReference; lastKnownFileType = sourcecode.swift; path = DatabaseHelper.swift; sourceTree = "<group>"; };
		BDF96FB328BCEECB004192D4 /* UserService.swift */ = {isa = PBXFileReference; lastKnownFileType = sourcecode.swift; path = UserService.swift; sourceTree = "<group>"; };
		BDF96FB628BCEEEF004192D4 /* User.swift */ = {isa = PBXFileReference; lastKnownFileType = sourcecode.swift; path = User.swift; sourceTree = "<group>"; };
		BDF96FB928BCEF66004192D4 /* SessionService.swift */ = {isa = PBXFileReference; lastKnownFileType = sourcecode.swift; path = SessionService.swift; sourceTree = "<group>"; };
		BDF96FBB28BCEFCD004192D4 /* InMemorySessionService.swift */ = {isa = PBXFileReference; lastKnownFileType = sourcecode.swift; path = InMemorySessionService.swift; sourceTree = "<group>"; };
		BDF96FBD28BCF045004192D4 /* UserSQLService.swift */ = {isa = PBXFileReference; lastKnownFileType = sourcecode.swift; path = UserSQLService.swift; sourceTree = "<group>"; };
		BDF96FC128BCF9FC004192D4 /* UserLogging.swift */ = {isa = PBXFileReference; lastKnownFileType = sourcecode.swift; path = UserLogging.swift; sourceTree = "<group>"; };
		BDF96FC428BD6DB1004192D4 /* PostService.swift */ = {isa = PBXFileReference; lastKnownFileType = sourcecode.swift; path = PostService.swift; sourceTree = "<group>"; };
		BDF96FC628BD6DD0004192D4 /* Post.swift */ = {isa = PBXFileReference; lastKnownFileType = sourcecode.swift; path = Post.swift; sourceTree = "<group>"; };
		BDF96FC828BD715E004192D4 /* PostSQLService.swift */ = {isa = PBXFileReference; lastKnownFileType = sourcecode.swift; path = PostSQLService.swift; sourceTree = "<group>"; };
		BDF96FCC28BE3735004192D4 /* UserSQLServiceTests.swift */ = {isa = PBXFileReference; lastKnownFileType = sourcecode.swift; path = UserSQLServiceTests.swift; sourceTree = "<group>"; };
		BDF96FCF28BE37C8004192D4 /* posterr_test.db */ = {isa = PBXFileReference; lastKnownFileType = file; path = posterr_test.db; sourceTree = "<group>"; };
		D114A9AF0B8B0E1728C9DE6D /* Pods-PosterrTests.debug.xcconfig */ = {isa = PBXFileReference; includeInIndex = 1; lastKnownFileType = text.xcconfig; name = "Pods-PosterrTests.debug.xcconfig"; path = "Target Support Files/Pods-PosterrTests/Pods-PosterrTests.debug.xcconfig"; sourceTree = "<group>"; };
		DB765AFE010F7E1282FA922B /* Pods-Posterr.debug.xcconfig */ = {isa = PBXFileReference; includeInIndex = 1; lastKnownFileType = text.xcconfig; name = "Pods-Posterr.debug.xcconfig"; path = "Target Support Files/Pods-Posterr/Pods-Posterr.debug.xcconfig"; sourceTree = "<group>"; };
		E881794673D885763BB0641C /* Pods-PosterrUITests.release.xcconfig */ = {isa = PBXFileReference; includeInIndex = 1; lastKnownFileType = text.xcconfig; name = "Pods-PosterrUITests.release.xcconfig"; path = "Target Support Files/Pods-PosterrUITests/Pods-PosterrUITests.release.xcconfig"; sourceTree = "<group>"; };
/* End PBXFileReference section */

/* Begin PBXFrameworksBuildPhase section */
		BD07657728BBD4FE00725121 /* Frameworks */ = {
			isa = PBXFrameworksBuildPhase;
			buildActionMask = 2147483647;
			files = (
				95DD4ED1C0A1A5DECDDFCC2C /* Pods_Posterr.framework in Frameworks */,
			);
			runOnlyForDeploymentPostprocessing = 0;
		};
		BD07658D28BBD50100725121 /* Frameworks */ = {
			isa = PBXFrameworksBuildPhase;
			buildActionMask = 2147483647;
			files = (
				CDE672A30CAEBC804DA037A7 /* Pods_PosterrTests.framework in Frameworks */,
			);
			runOnlyForDeploymentPostprocessing = 0;
		};
		BD07659728BBD50100725121 /* Frameworks */ = {
			isa = PBXFrameworksBuildPhase;
			buildActionMask = 2147483647;
			files = (
				81E8D9E76A59B1AA584D4320 /* Pods_PosterrUITests.framework in Frameworks */,
			);
			runOnlyForDeploymentPostprocessing = 0;
		};
/* End PBXFrameworksBuildPhase section */

/* Begin PBXGroup section */
		3F2275061E0B179C2F66D5DC /* Frameworks */ = {
			isa = PBXGroup;
			children = (
				BDF96FA628BBF384004192D4 /* libswift_Concurrency.tbd */,
				11EA4656EBBB2F0D8FCF8055 /* Pods_Posterr.framework */,
				7F16A96968F59B1BD6D3A577 /* Pods_PosterrTests.framework */,
				4A63EACDDE24D7C0A52E840F /* Pods_PosterrUITests.framework */,
			);
			name = Frameworks;
			sourceTree = "<group>";
		};
		BD07657128BBD4FE00725121 = {
			isa = PBXGroup;
			children = (
				BD07657C28BBD4FE00725121 /* Posterr */,
				BD07659328BBD50100725121 /* PosterrTests */,
				BD07659D28BBD50100725121 /* PosterrUITests */,
				BD07657B28BBD4FE00725121 /* Products */,
				D1D2DE086F1F6EA7FDEBEEDA /* Pods */,
				3F2275061E0B179C2F66D5DC /* Frameworks */,
			);
			sourceTree = "<group>";
		};
		BD07657B28BBD4FE00725121 /* Products */ = {
			isa = PBXGroup;
			children = (
				BD07657A28BBD4FE00725121 /* Posterr.app */,
				BD07659028BBD50100725121 /* PosterrTests.xctest */,
				BD07659A28BBD50100725121 /* PosterrUITests.xctest */,
			);
			name = Products;
			sourceTree = "<group>";
		};
		BD07657C28BBD4FE00725121 /* Posterr */ = {
			isa = PBXGroup;
			children = (
				BD07658B28BBD50000725121 /* Info.plist */,
				BD07657D28BBD4FE00725121 /* AppDelegate.swift */,
				BD07658128BBD4FE00725121 /* ViewController.swift */,
				BD07658628BBD50000725121 /* Assets.xcassets */,
				BDF96FA928BC0D4F004192D4 /* Database */,
				BD07658828BBD50000725121 /* LaunchScreen.storyboard */,
				BDF96FB528BCEEE2004192D4 /* Models */,
				BDF96FB128BCEE96004192D4 /* Services */,
			);
			path = Posterr;
			sourceTree = "<group>";
		};
		BD07659328BBD50100725121 /* PosterrTests */ = {
			isa = PBXGroup;
			children = (
				BDF96FCE28BE379C004192D4 /* Database */,
				BD237EF128BE3CDB005307C5 /* PostService */,
				BD237EEE28BE3B79005307C5 /* SessionService */,
				BDF96FD128BE37CC004192D4 /* UserService */,
			);
			path = PosterrTests;
			sourceTree = "<group>";
		};
		BD07659D28BBD50100725121 /* PosterrUITests */ = {
			isa = PBXGroup;
			children = (
				BD07659E28BBD50100725121 /* PosterrUITests.swift */,
				BD0765A028BBD50100725121 /* PosterrUITestsLaunchTests.swift */,
			);
			path = PosterrUITests;
			sourceTree = "<group>";
		};
		BD237EEE28BE3B79005307C5 /* SessionService */ = {
			isa = PBXGroup;
			children = (
				BD237EEF28BE3B8E005307C5 /* InMemorySessionServiceTests.swift */,
			);
			path = SessionService;
			sourceTree = "<group>";
		};
		BD237EF128BE3CDB005307C5 /* PostService */ = {
			isa = PBXGroup;
			children = (
				BD237EF228BE3CEF005307C5 /* PostSQLServiceTests.swift */,
			);
			path = PostService;
			sourceTree = "<group>";
		};
		BDF96FA928BC0D4F004192D4 /* Database */ = {
			isa = PBXGroup;
			children = (
				BDF96FAC28BC1CAF004192D4 /* posterr.db */,
				BDF96FAE28BCECA3004192D4 /* DatabaseHelper.swift */,
			);
			path = Database;
			sourceTree = "<group>";
		};
		BDF96FB128BCEE96004192D4 /* Services */ = {
			isa = PBXGroup;
			children = (
				BDF96FC328BD6D9B004192D4 /* PostService */,
				BDF96FB828BCEF58004192D4 /* SessionService */,
				BDF96FB228BCEEB7004192D4 /* UserService */,
			);
			path = Services;
			sourceTree = "<group>";
		};
		BDF96FB228BCEEB7004192D4 /* UserService */ = {
			isa = PBXGroup;
			children = (
				BDF96FB328BCEECB004192D4 /* UserService.swift */,
				BDF96FBD28BCF045004192D4 /* UserSQLService.swift */,
			);
			path = UserService;
			sourceTree = "<group>";
		};
		BDF96FB528BCEEE2004192D4 /* Models */ = {
			isa = PBXGroup;
			children = (
				BDF96FB628BCEEEF004192D4 /* User.swift */,
				BDF96FC628BD6DD0004192D4 /* Post.swift */,
			);
			path = Models;
			sourceTree = "<group>";
		};
		BDF96FB828BCEF58004192D4 /* SessionService */ = {
			isa = PBXGroup;
			children = (
				BDF96FBB28BCEFCD004192D4 /* InMemorySessionService.swift */,
				BDF96FB928BCEF66004192D4 /* SessionService.swift */,
				BDF96FC128BCF9FC004192D4 /* UserLogging.swift */,
			);
			path = SessionService;
			sourceTree = "<group>";
		};
		BDF96FC328BD6D9B004192D4 /* PostService */ = {
			isa = PBXGroup;
			children = (
				BDF96FC428BD6DB1004192D4 /* PostService.swift */,
				BDF96FC828BD715E004192D4 /* PostSQLService.swift */,
			);
			path = PostService;
			sourceTree = "<group>";
		};
		BDF96FCE28BE379C004192D4 /* Database */ = {
			isa = PBXGroup;
			children = (
				BDF96FCF28BE37C8004192D4 /* posterr_test.db */,
				BD237EF428BE3F4D005307C5 /* SQLDatabaseCleaner.swift */,
			);
			path = Database;
			sourceTree = "<group>";
		};
		BDF96FD128BE37CC004192D4 /* UserService */ = {
			isa = PBXGroup;
			children = (
				BDF96FCC28BE3735004192D4 /* UserSQLServiceTests.swift */,
			);
			path = UserService;
			sourceTree = "<group>";
		};
		D1D2DE086F1F6EA7FDEBEEDA /* Pods */ = {
			isa = PBXGroup;
			children = (
				DB765AFE010F7E1282FA922B /* Pods-Posterr.debug.xcconfig */,
				AF9D97B5C5DE3BBADED90EF6 /* Pods-Posterr.release.xcconfig */,
				D114A9AF0B8B0E1728C9DE6D /* Pods-PosterrTests.debug.xcconfig */,
				454850EB084D3710CA6C80F6 /* Pods-PosterrTests.release.xcconfig */,
				201A4747F72C52A4668C7B93 /* Pods-PosterrUITests.debug.xcconfig */,
				E881794673D885763BB0641C /* Pods-PosterrUITests.release.xcconfig */,
			);
			path = Pods;
			sourceTree = "<group>";
		};
/* End PBXGroup section */

/* Begin PBXNativeTarget section */
		BD07657928BBD4FE00725121 /* Posterr */ = {
			isa = PBXNativeTarget;
			buildConfigurationList = BD0765A428BBD50100725121 /* Build configuration list for PBXNativeTarget "Posterr" */;
			buildPhases = (
				FC1ADAD289851AE3C4351C67 /* [CP] Check Pods Manifest.lock */,
				BD07657628BBD4FE00725121 /* Sources */,
				BD07657728BBD4FE00725121 /* Frameworks */,
				BD07657828BBD4FE00725121 /* Resources */,
				BDF96FA528BBF0C6004192D4 /* SwiftLint */,
				0D11C6F159D7E7FB50BF0986 /* [CP] Embed Pods Frameworks */,
			);
			buildRules = (
			);
			dependencies = (
			);
			name = Posterr;
			productName = Posterr;
			productReference = BD07657A28BBD4FE00725121 /* Posterr.app */;
			productType = "com.apple.product-type.application";
		};
		BD07658F28BBD50100725121 /* PosterrTests */ = {
			isa = PBXNativeTarget;
			buildConfigurationList = BD0765A728BBD50100725121 /* Build configuration list for PBXNativeTarget "PosterrTests" */;
			buildPhases = (
				B5BE7D673F98CCFA153261EC /* [CP] Check Pods Manifest.lock */,
				BD07658C28BBD50100725121 /* Sources */,
				BD07658D28BBD50100725121 /* Frameworks */,
				BD07658E28BBD50100725121 /* Resources */,
				C2036BB2DF6D0E42DE085B84 /* [CP] Embed Pods Frameworks */,
			);
			buildRules = (
			);
			dependencies = (
				BD07659228BBD50100725121 /* PBXTargetDependency */,
			);
			name = PosterrTests;
			productName = PosterrTests;
			productReference = BD07659028BBD50100725121 /* PosterrTests.xctest */;
			productType = "com.apple.product-type.bundle.unit-test";
		};
		BD07659928BBD50100725121 /* PosterrUITests */ = {
			isa = PBXNativeTarget;
			buildConfigurationList = BD0765AA28BBD50100725121 /* Build configuration list for PBXNativeTarget "PosterrUITests" */;
			buildPhases = (
				934D6F7E7670F6B80169ECFD /* [CP] Check Pods Manifest.lock */,
				BD07659628BBD50100725121 /* Sources */,
				BD07659728BBD50100725121 /* Frameworks */,
				BD07659828BBD50100725121 /* Resources */,
				AEFBCDB8CB9B05F267B497F1 /* [CP] Embed Pods Frameworks */,
			);
			buildRules = (
			);
			dependencies = (
				BD07659C28BBD50100725121 /* PBXTargetDependency */,
			);
			name = PosterrUITests;
			productName = PosterrUITests;
			productReference = BD07659A28BBD50100725121 /* PosterrUITests.xctest */;
			productType = "com.apple.product-type.bundle.ui-testing";
		};
/* End PBXNativeTarget section */

/* Begin PBXProject section */
		BD07657228BBD4FE00725121 /* Project object */ = {
			isa = PBXProject;
			attributes = {
				BuildIndependentTargetsInParallel = 1;
				LastSwiftUpdateCheck = 1310;
				LastUpgradeCheck = 1310;
				TargetAttributes = {
					BD07657928BBD4FE00725121 = {
						CreatedOnToolsVersion = 13.1;
					};
					BD07658F28BBD50100725121 = {
						CreatedOnToolsVersion = 13.1;
						TestTargetID = BD07657928BBD4FE00725121;
					};
					BD07659928BBD50100725121 = {
						CreatedOnToolsVersion = 13.1;
						TestTargetID = BD07657928BBD4FE00725121;
					};
				};
			};
			buildConfigurationList = BD07657528BBD4FE00725121 /* Build configuration list for PBXProject "Posterr" */;
			compatibilityVersion = "Xcode 13.0";
			developmentRegion = en;
			hasScannedForEncodings = 0;
			knownRegions = (
				en,
				Base,
			);
			mainGroup = BD07657128BBD4FE00725121;
			productRefGroup = BD07657B28BBD4FE00725121 /* Products */;
			projectDirPath = "";
			projectRoot = "";
			targets = (
				BD07657928BBD4FE00725121 /* Posterr */,
				BD07658F28BBD50100725121 /* PosterrTests */,
				BD07659928BBD50100725121 /* PosterrUITests */,
			);
		};
/* End PBXProject section */

/* Begin PBXResourcesBuildPhase section */
		BD07657828BBD4FE00725121 /* Resources */ = {
			isa = PBXResourcesBuildPhase;
			buildActionMask = 2147483647;
			files = (
				BDF96FAD28BC1CAF004192D4 /* posterr.db in Resources */,
				BD237EED28BE3A52005307C5 /* posterr_test.db in Resources */,
				BD07658A28BBD50000725121 /* LaunchScreen.storyboard in Resources */,
				BD07658728BBD50000725121 /* Assets.xcassets in Resources */,
			);
			runOnlyForDeploymentPostprocessing = 0;
		};
		BD07658E28BBD50100725121 /* Resources */ = {
			isa = PBXResourcesBuildPhase;
			buildActionMask = 2147483647;
			files = (
			);
			runOnlyForDeploymentPostprocessing = 0;
		};
		BD07659828BBD50100725121 /* Resources */ = {
			isa = PBXResourcesBuildPhase;
			buildActionMask = 2147483647;
			files = (
			);
			runOnlyForDeploymentPostprocessing = 0;
		};
/* End PBXResourcesBuildPhase section */

/* Begin PBXShellScriptBuildPhase section */
		0D11C6F159D7E7FB50BF0986 /* [CP] Embed Pods Frameworks */ = {
			isa = PBXShellScriptBuildPhase;
			buildActionMask = 2147483647;
			files = (
			);
			inputFileListPaths = (
				"${PODS_ROOT}/Target Support Files/Pods-Posterr/Pods-Posterr-frameworks-${CONFIGURATION}-input-files.xcfilelist",
			);
			name = "[CP] Embed Pods Frameworks";
			outputFileListPaths = (
				"${PODS_ROOT}/Target Support Files/Pods-Posterr/Pods-Posterr-frameworks-${CONFIGURATION}-output-files.xcfilelist",
			);
			runOnlyForDeploymentPostprocessing = 0;
			shellPath = /bin/sh;
			shellScript = "\"${PODS_ROOT}/Target Support Files/Pods-Posterr/Pods-Posterr-frameworks.sh\"\n";
			showEnvVarsInLog = 0;
		};
		934D6F7E7670F6B80169ECFD /* [CP] Check Pods Manifest.lock */ = {
			isa = PBXShellScriptBuildPhase;
			buildActionMask = 2147483647;
			files = (
			);
			inputFileListPaths = (
			);
			inputPaths = (
				"${PODS_PODFILE_DIR_PATH}/Podfile.lock",
				"${PODS_ROOT}/Manifest.lock",
			);
			name = "[CP] Check Pods Manifest.lock";
			outputFileListPaths = (
			);
			outputPaths = (
				"$(DERIVED_FILE_DIR)/Pods-PosterrUITests-checkManifestLockResult.txt",
			);
			runOnlyForDeploymentPostprocessing = 0;
			shellPath = /bin/sh;
			shellScript = "diff \"${PODS_PODFILE_DIR_PATH}/Podfile.lock\" \"${PODS_ROOT}/Manifest.lock\" > /dev/null\nif [ $? != 0 ] ; then\n    # print error to STDERR\n    echo \"error: The sandbox is not in sync with the Podfile.lock. Run 'pod install' or update your CocoaPods installation.\" >&2\n    exit 1\nfi\n# This output is used by Xcode 'outputs' to avoid re-running this script phase.\necho \"SUCCESS\" > \"${SCRIPT_OUTPUT_FILE_0}\"\n";
			showEnvVarsInLog = 0;
		};
		AEFBCDB8CB9B05F267B497F1 /* [CP] Embed Pods Frameworks */ = {
			isa = PBXShellScriptBuildPhase;
			buildActionMask = 2147483647;
			files = (
			);
			inputFileListPaths = (
				"${PODS_ROOT}/Target Support Files/Pods-PosterrUITests/Pods-PosterrUITests-frameworks-${CONFIGURATION}-input-files.xcfilelist",
			);
			name = "[CP] Embed Pods Frameworks";
			outputFileListPaths = (
				"${PODS_ROOT}/Target Support Files/Pods-PosterrUITests/Pods-PosterrUITests-frameworks-${CONFIGURATION}-output-files.xcfilelist",
			);
			runOnlyForDeploymentPostprocessing = 0;
			shellPath = /bin/sh;
			shellScript = "\"${PODS_ROOT}/Target Support Files/Pods-PosterrUITests/Pods-PosterrUITests-frameworks.sh\"\n";
			showEnvVarsInLog = 0;
		};
		B5BE7D673F98CCFA153261EC /* [CP] Check Pods Manifest.lock */ = {
			isa = PBXShellScriptBuildPhase;
			buildActionMask = 2147483647;
			files = (
			);
			inputFileListPaths = (
			);
			inputPaths = (
				"${PODS_PODFILE_DIR_PATH}/Podfile.lock",
				"${PODS_ROOT}/Manifest.lock",
			);
			name = "[CP] Check Pods Manifest.lock";
			outputFileListPaths = (
			);
			outputPaths = (
				"$(DERIVED_FILE_DIR)/Pods-PosterrTests-checkManifestLockResult.txt",
			);
			runOnlyForDeploymentPostprocessing = 0;
			shellPath = /bin/sh;
			shellScript = "diff \"${PODS_PODFILE_DIR_PATH}/Podfile.lock\" \"${PODS_ROOT}/Manifest.lock\" > /dev/null\nif [ $? != 0 ] ; then\n    # print error to STDERR\n    echo \"error: The sandbox is not in sync with the Podfile.lock. Run 'pod install' or update your CocoaPods installation.\" >&2\n    exit 1\nfi\n# This output is used by Xcode 'outputs' to avoid re-running this script phase.\necho \"SUCCESS\" > \"${SCRIPT_OUTPUT_FILE_0}\"\n";
			showEnvVarsInLog = 0;
		};
		BDF96FA528BBF0C6004192D4 /* SwiftLint */ = {
			isa = PBXShellScriptBuildPhase;
			buildActionMask = 2147483647;
			files = (
			);
			inputFileListPaths = (
			);
			inputPaths = (
			);
			name = SwiftLint;
			outputFileListPaths = (
			);
			outputPaths = (
			);
			runOnlyForDeploymentPostprocessing = 0;
			shellPath = /bin/sh;
			shellScript = "\"${PODS_ROOT}/SwiftLint/swiftlint\"\n";
		};
		C2036BB2DF6D0E42DE085B84 /* [CP] Embed Pods Frameworks */ = {
			isa = PBXShellScriptBuildPhase;
			buildActionMask = 2147483647;
			files = (
			);
			inputFileListPaths = (
				"${PODS_ROOT}/Target Support Files/Pods-PosterrTests/Pods-PosterrTests-frameworks-${CONFIGURATION}-input-files.xcfilelist",
			);
			name = "[CP] Embed Pods Frameworks";
			outputFileListPaths = (
				"${PODS_ROOT}/Target Support Files/Pods-PosterrTests/Pods-PosterrTests-frameworks-${CONFIGURATION}-output-files.xcfilelist",
			);
			runOnlyForDeploymentPostprocessing = 0;
			shellPath = /bin/sh;
			shellScript = "\"${PODS_ROOT}/Target Support Files/Pods-PosterrTests/Pods-PosterrTests-frameworks.sh\"\n";
			showEnvVarsInLog = 0;
		};
		FC1ADAD289851AE3C4351C67 /* [CP] Check Pods Manifest.lock */ = {
			isa = PBXShellScriptBuildPhase;
			buildActionMask = 2147483647;
			files = (
			);
			inputFileListPaths = (
			);
			inputPaths = (
				"${PODS_PODFILE_DIR_PATH}/Podfile.lock",
				"${PODS_ROOT}/Manifest.lock",
			);
			name = "[CP] Check Pods Manifest.lock";
			outputFileListPaths = (
			);
			outputPaths = (
				"$(DERIVED_FILE_DIR)/Pods-Posterr-checkManifestLockResult.txt",
			);
			runOnlyForDeploymentPostprocessing = 0;
			shellPath = /bin/sh;
			shellScript = "diff \"${PODS_PODFILE_DIR_PATH}/Podfile.lock\" \"${PODS_ROOT}/Manifest.lock\" > /dev/null\nif [ $? != 0 ] ; then\n    # print error to STDERR\n    echo \"error: The sandbox is not in sync with the Podfile.lock. Run 'pod install' or update your CocoaPods installation.\" >&2\n    exit 1\nfi\n# This output is used by Xcode 'outputs' to avoid re-running this script phase.\necho \"SUCCESS\" > \"${SCRIPT_OUTPUT_FILE_0}\"\n";
			showEnvVarsInLog = 0;
		};
/* End PBXShellScriptBuildPhase section */

/* Begin PBXSourcesBuildPhase section */
		BD07657628BBD4FE00725121 /* Sources */ = {
			isa = PBXSourcesBuildPhase;
			buildActionMask = 2147483647;
			files = (
				BDF96FBC28BCEFCD004192D4 /* InMemorySessionService.swift in Sources */,
				BDF96FC728BD6DD0004192D4 /* Post.swift in Sources */,
				BDF96FBA28BCEF66004192D4 /* SessionService.swift in Sources */,
				BDF96FB428BCEECB004192D4 /* UserService.swift in Sources */,
				BD07658228BBD4FE00725121 /* ViewController.swift in Sources */,
				BDF96FAF28BCECA3004192D4 /* DatabaseHelper.swift in Sources */,
				BDF96FC928BD715E004192D4 /* PostSQLService.swift in Sources */,
				BDF96FC528BD6DB1004192D4 /* PostService.swift in Sources */,
				BDF96FB728BCEEEF004192D4 /* User.swift in Sources */,
				BDF96FC228BCF9FC004192D4 /* UserLogging.swift in Sources */,
				BD07657E28BBD4FE00725121 /* AppDelegate.swift in Sources */,
				BDF96FBE28BCF045004192D4 /* UserSQLService.swift in Sources */,
			);
			runOnlyForDeploymentPostprocessing = 0;
		};
		BD07658C28BBD50100725121 /* Sources */ = {
			isa = PBXSourcesBuildPhase;
			buildActionMask = 2147483647;
			files = (
				BD237EF328BE3CEF005307C5 /* PostSQLServiceTests.swift in Sources */,
				BD237EF028BE3B8E005307C5 /* InMemorySessionServiceTests.swift in Sources */,
				BD237EF528BE3F4E005307C5 /* SQLDatabaseCleaner.swift in Sources */,
				BDF96FCD28BE3735004192D4 /* UserSQLServiceTests.swift in Sources */,
			);
			runOnlyForDeploymentPostprocessing = 0;
		};
		BD07659628BBD50100725121 /* Sources */ = {
			isa = PBXSourcesBuildPhase;
			buildActionMask = 2147483647;
			files = (
				BD0765A128BBD50100725121 /* PosterrUITestsLaunchTests.swift in Sources */,
				BD07659F28BBD50100725121 /* PosterrUITests.swift in Sources */,
			);
			runOnlyForDeploymentPostprocessing = 0;
		};
/* End PBXSourcesBuildPhase section */

/* Begin PBXTargetDependency section */
		BD07659228BBD50100725121 /* PBXTargetDependency */ = {
			isa = PBXTargetDependency;
			target = BD07657928BBD4FE00725121 /* Posterr */;
			targetProxy = BD07659128BBD50100725121 /* PBXContainerItemProxy */;
		};
		BD07659C28BBD50100725121 /* PBXTargetDependency */ = {
			isa = PBXTargetDependency;
			target = BD07657928BBD4FE00725121 /* Posterr */;
			targetProxy = BD07659B28BBD50100725121 /* PBXContainerItemProxy */;
		};
/* End PBXTargetDependency section */

/* Begin PBXVariantGroup section */
		BD07658828BBD50000725121 /* LaunchScreen.storyboard */ = {
			isa = PBXVariantGroup;
			children = (
				BD07658928BBD50000725121 /* Base */,
			);
			name = LaunchScreen.storyboard;
			sourceTree = "<group>";
		};
/* End PBXVariantGroup section */

/* Begin XCBuildConfiguration section */
		BD0765A228BBD50100725121 /* Debug */ = {
			isa = XCBuildConfiguration;
			buildSettings = {
				ALWAYS_SEARCH_USER_PATHS = NO;
				CLANG_ANALYZER_NONNULL = YES;
				CLANG_ANALYZER_NUMBER_OBJECT_CONVERSION = YES_AGGRESSIVE;
				CLANG_CXX_LANGUAGE_STANDARD = "gnu++17";
				CLANG_CXX_LIBRARY = "libc++";
				CLANG_ENABLE_MODULES = YES;
				CLANG_ENABLE_OBJC_ARC = YES;
				CLANG_ENABLE_OBJC_WEAK = YES;
				CLANG_WARN_BLOCK_CAPTURE_AUTORELEASING = YES;
				CLANG_WARN_BOOL_CONVERSION = YES;
				CLANG_WARN_COMMA = YES;
				CLANG_WARN_CONSTANT_CONVERSION = YES;
				CLANG_WARN_DEPRECATED_OBJC_IMPLEMENTATIONS = YES;
				CLANG_WARN_DIRECT_OBJC_ISA_USAGE = YES_ERROR;
				CLANG_WARN_DOCUMENTATION_COMMENTS = YES;
				CLANG_WARN_EMPTY_BODY = YES;
				CLANG_WARN_ENUM_CONVERSION = YES;
				CLANG_WARN_INFINITE_RECURSION = YES;
				CLANG_WARN_INT_CONVERSION = YES;
				CLANG_WARN_NON_LITERAL_NULL_CONVERSION = YES;
				CLANG_WARN_OBJC_IMPLICIT_RETAIN_SELF = YES;
				CLANG_WARN_OBJC_LITERAL_CONVERSION = YES;
				CLANG_WARN_OBJC_ROOT_CLASS = YES_ERROR;
				CLANG_WARN_QUOTED_INCLUDE_IN_FRAMEWORK_HEADER = YES;
				CLANG_WARN_RANGE_LOOP_ANALYSIS = YES;
				CLANG_WARN_STRICT_PROTOTYPES = YES;
				CLANG_WARN_SUSPICIOUS_MOVE = YES;
				CLANG_WARN_UNGUARDED_AVAILABILITY = YES_AGGRESSIVE;
				CLANG_WARN_UNREACHABLE_CODE = YES;
				CLANG_WARN__DUPLICATE_METHOD_MATCH = YES;
				COPY_PHASE_STRIP = NO;
				DEBUG_INFORMATION_FORMAT = dwarf;
				ENABLE_STRICT_OBJC_MSGSEND = YES;
				ENABLE_TESTABILITY = YES;
				GCC_C_LANGUAGE_STANDARD = gnu11;
				GCC_DYNAMIC_NO_PIC = NO;
				GCC_NO_COMMON_BLOCKS = YES;
				GCC_OPTIMIZATION_LEVEL = 0;
				GCC_PREPROCESSOR_DEFINITIONS = (
					"DEBUG=1",
					"$(inherited)",
				);
				GCC_WARN_64_TO_32_BIT_CONVERSION = YES;
				GCC_WARN_ABOUT_RETURN_TYPE = YES_ERROR;
				GCC_WARN_UNDECLARED_SELECTOR = YES;
				GCC_WARN_UNINITIALIZED_AUTOS = YES_AGGRESSIVE;
				GCC_WARN_UNUSED_FUNCTION = YES;
				GCC_WARN_UNUSED_VARIABLE = YES;
				IPHONEOS_DEPLOYMENT_TARGET = 15.0;
				MTL_ENABLE_DEBUG_INFO = INCLUDE_SOURCE;
				MTL_FAST_MATH = YES;
				ONLY_ACTIVE_ARCH = YES;
				SDKROOT = iphoneos;
				SWIFT_ACTIVE_COMPILATION_CONDITIONS = DEBUG;
				SWIFT_OPTIMIZATION_LEVEL = "-Onone";
			};
			name = Debug;
		};
		BD0765A328BBD50100725121 /* Release */ = {
			isa = XCBuildConfiguration;
			buildSettings = {
				ALWAYS_SEARCH_USER_PATHS = NO;
				CLANG_ANALYZER_NONNULL = YES;
				CLANG_ANALYZER_NUMBER_OBJECT_CONVERSION = YES_AGGRESSIVE;
				CLANG_CXX_LANGUAGE_STANDARD = "gnu++17";
				CLANG_CXX_LIBRARY = "libc++";
				CLANG_ENABLE_MODULES = YES;
				CLANG_ENABLE_OBJC_ARC = YES;
				CLANG_ENABLE_OBJC_WEAK = YES;
				CLANG_WARN_BLOCK_CAPTURE_AUTORELEASING = YES;
				CLANG_WARN_BOOL_CONVERSION = YES;
				CLANG_WARN_COMMA = YES;
				CLANG_WARN_CONSTANT_CONVERSION = YES;
				CLANG_WARN_DEPRECATED_OBJC_IMPLEMENTATIONS = YES;
				CLANG_WARN_DIRECT_OBJC_ISA_USAGE = YES_ERROR;
				CLANG_WARN_DOCUMENTATION_COMMENTS = YES;
				CLANG_WARN_EMPTY_BODY = YES;
				CLANG_WARN_ENUM_CONVERSION = YES;
				CLANG_WARN_INFINITE_RECURSION = YES;
				CLANG_WARN_INT_CONVERSION = YES;
				CLANG_WARN_NON_LITERAL_NULL_CONVERSION = YES;
				CLANG_WARN_OBJC_IMPLICIT_RETAIN_SELF = YES;
				CLANG_WARN_OBJC_LITERAL_CONVERSION = YES;
				CLANG_WARN_OBJC_ROOT_CLASS = YES_ERROR;
				CLANG_WARN_QUOTED_INCLUDE_IN_FRAMEWORK_HEADER = YES;
				CLANG_WARN_RANGE_LOOP_ANALYSIS = YES;
				CLANG_WARN_STRICT_PROTOTYPES = YES;
				CLANG_WARN_SUSPICIOUS_MOVE = YES;
				CLANG_WARN_UNGUARDED_AVAILABILITY = YES_AGGRESSIVE;
				CLANG_WARN_UNREACHABLE_CODE = YES;
				CLANG_WARN__DUPLICATE_METHOD_MATCH = YES;
				COPY_PHASE_STRIP = NO;
				DEBUG_INFORMATION_FORMAT = "dwarf-with-dsym";
				ENABLE_NS_ASSERTIONS = NO;
				ENABLE_STRICT_OBJC_MSGSEND = YES;
				GCC_C_LANGUAGE_STANDARD = gnu11;
				GCC_NO_COMMON_BLOCKS = YES;
				GCC_WARN_64_TO_32_BIT_CONVERSION = YES;
				GCC_WARN_ABOUT_RETURN_TYPE = YES_ERROR;
				GCC_WARN_UNDECLARED_SELECTOR = YES;
				GCC_WARN_UNINITIALIZED_AUTOS = YES_AGGRESSIVE;
				GCC_WARN_UNUSED_FUNCTION = YES;
				GCC_WARN_UNUSED_VARIABLE = YES;
				IPHONEOS_DEPLOYMENT_TARGET = 15.0;
				MTL_ENABLE_DEBUG_INFO = NO;
				MTL_FAST_MATH = YES;
				SDKROOT = iphoneos;
				SWIFT_COMPILATION_MODE = wholemodule;
				SWIFT_OPTIMIZATION_LEVEL = "-O";
				VALIDATE_PRODUCT = YES;
			};
			name = Release;
		};
		BD0765A528BBD50100725121 /* Debug */ = {
			isa = XCBuildConfiguration;
			baseConfigurationReference = DB765AFE010F7E1282FA922B /* Pods-Posterr.debug.xcconfig */;
			buildSettings = {
				ASSETCATALOG_COMPILER_APPICON_NAME = AppIcon;
				ASSETCATALOG_COMPILER_GLOBAL_ACCENT_COLOR_NAME = AccentColor;
				CODE_SIGN_STYLE = Automatic;
				CURRENT_PROJECT_VERSION = 1;
				GENERATE_INFOPLIST_FILE = YES;
				INFOPLIST_FILE = Posterr/Info.plist;
				INFOPLIST_KEY_UIApplicationSupportsIndirectInputEvents = YES;
				INFOPLIST_KEY_UILaunchStoryboardName = LaunchScreen;
				INFOPLIST_KEY_UISupportedInterfaceOrientations_iPad = "UIInterfaceOrientationPortrait UIInterfaceOrientationPortraitUpsideDown UIInterfaceOrientationLandscapeLeft UIInterfaceOrientationLandscapeRight";
				INFOPLIST_KEY_UISupportedInterfaceOrientations_iPhone = "UIInterfaceOrientationPortrait UIInterfaceOrientationLandscapeLeft UIInterfaceOrientationLandscapeRight";
				LD_RUNPATH_SEARCH_PATHS = (
					"$(inherited)",
					"@executable_path/Frameworks",
				);
				LIBRARY_SEARCH_PATHS = (
					"$(inherited)",
					"$(SDKROOT)/usr/lib/swift",
				);
				MARKETING_VERSION = 1.0;
				PRODUCT_BUNDLE_IDENTIFIER = com.mmarques.posterr;
				PRODUCT_NAME = "$(TARGET_NAME)";
				SWIFT_EMIT_LOC_STRINGS = YES;
				SWIFT_VERSION = 5.0;
				TARGETED_DEVICE_FAMILY = "1,2";
			};
			name = Debug;
		};
		BD0765A628BBD50100725121 /* Release */ = {
			isa = XCBuildConfiguration;
			baseConfigurationReference = AF9D97B5C5DE3BBADED90EF6 /* Pods-Posterr.release.xcconfig */;
			buildSettings = {
				ASSETCATALOG_COMPILER_APPICON_NAME = AppIcon;
				ASSETCATALOG_COMPILER_GLOBAL_ACCENT_COLOR_NAME = AccentColor;
				CODE_SIGN_STYLE = Automatic;
				CURRENT_PROJECT_VERSION = 1;
				GENERATE_INFOPLIST_FILE = YES;
				INFOPLIST_FILE = Posterr/Info.plist;
				INFOPLIST_KEY_UIApplicationSupportsIndirectInputEvents = YES;
				INFOPLIST_KEY_UILaunchStoryboardName = LaunchScreen;
				INFOPLIST_KEY_UISupportedInterfaceOrientations_iPad = "UIInterfaceOrientationPortrait UIInterfaceOrientationPortraitUpsideDown UIInterfaceOrientationLandscapeLeft UIInterfaceOrientationLandscapeRight";
				INFOPLIST_KEY_UISupportedInterfaceOrientations_iPhone = "UIInterfaceOrientationPortrait UIInterfaceOrientationLandscapeLeft UIInterfaceOrientationLandscapeRight";
				LD_RUNPATH_SEARCH_PATHS = (
					"$(inherited)",
					"@executable_path/Frameworks",
				);
				LIBRARY_SEARCH_PATHS = (
					"$(inherited)",
					"$(SDKROOT)/usr/lib/swift",
				);
				MARKETING_VERSION = 1.0;
				PRODUCT_BUNDLE_IDENTIFIER = com.mmarques.posterr;
				PRODUCT_NAME = "$(TARGET_NAME)";
				SWIFT_EMIT_LOC_STRINGS = YES;
				SWIFT_VERSION = 5.0;
				TARGETED_DEVICE_FAMILY = "1,2";
			};
			name = Release;
		};
		BD0765A828BBD50100725121 /* Debug */ = {
			isa = XCBuildConfiguration;
			baseConfigurationReference = D114A9AF0B8B0E1728C9DE6D /* Pods-PosterrTests.debug.xcconfig */;
			buildSettings = {
				ALWAYS_EMBED_SWIFT_STANDARD_LIBRARIES = YES;
				BUNDLE_LOADER = "$(TEST_HOST)";
				CODE_SIGN_STYLE = Automatic;
				CURRENT_PROJECT_VERSION = 1;
				GENERATE_INFOPLIST_FILE = YES;
				IPHONEOS_DEPLOYMENT_TARGET = 15.0;
				LD_RUNPATH_SEARCH_PATHS = (
					"$(inherited)",
					"@executable_path/Frameworks",
					"@loader_path/Frameworks",
				);
				MARKETING_VERSION = 1.0;
				PRODUCT_BUNDLE_IDENTIFIER = com.mmarques.posterr.PosterrTests;
				PRODUCT_NAME = "$(TARGET_NAME)";
				SWIFT_EMIT_LOC_STRINGS = NO;
				SWIFT_VERSION = 5.0;
				TARGETED_DEVICE_FAMILY = "1,2";
				TEST_HOST = "$(BUILT_PRODUCTS_DIR)/Posterr.app/Posterr";
			};
			name = Debug;
		};
		BD0765A928BBD50100725121 /* Release */ = {
			isa = XCBuildConfiguration;
			baseConfigurationReference = 454850EB084D3710CA6C80F6 /* Pods-PosterrTests.release.xcconfig */;
			buildSettings = {
				ALWAYS_EMBED_SWIFT_STANDARD_LIBRARIES = YES;
				BUNDLE_LOADER = "$(TEST_HOST)";
				CODE_SIGN_STYLE = Automatic;
				CURRENT_PROJECT_VERSION = 1;
				GENERATE_INFOPLIST_FILE = YES;
				IPHONEOS_DEPLOYMENT_TARGET = 15.0;
				LD_RUNPATH_SEARCH_PATHS = (
					"$(inherited)",
					"@executable_path/Frameworks",
					"@loader_path/Frameworks",
				);
				MARKETING_VERSION = 1.0;
				PRODUCT_BUNDLE_IDENTIFIER = com.mmarques.posterr.PosterrTests;
				PRODUCT_NAME = "$(TARGET_NAME)";
				SWIFT_EMIT_LOC_STRINGS = NO;
				SWIFT_VERSION = 5.0;
				TARGETED_DEVICE_FAMILY = "1,2";
				TEST_HOST = "$(BUILT_PRODUCTS_DIR)/Posterr.app/Posterr";
			};
			name = Release;
		};
		BD0765AB28BBD50100725121 /* Debug */ = {
			isa = XCBuildConfiguration;
			baseConfigurationReference = 201A4747F72C52A4668C7B93 /* Pods-PosterrUITests.debug.xcconfig */;
			buildSettings = {
				ALWAYS_EMBED_SWIFT_STANDARD_LIBRARIES = YES;
				CODE_SIGN_STYLE = Automatic;
				CURRENT_PROJECT_VERSION = 1;
				GENERATE_INFOPLIST_FILE = YES;
				LD_RUNPATH_SEARCH_PATHS = (
					"$(inherited)",
					"@executable_path/Frameworks",
					"@loader_path/Frameworks",
				);
				MARKETING_VERSION = 1.0;
				PRODUCT_BUNDLE_IDENTIFIER = com.mmarques.posterr.PosterrUITests;
				PRODUCT_NAME = "$(TARGET_NAME)";
				SWIFT_EMIT_LOC_STRINGS = NO;
				SWIFT_VERSION = 5.0;
				TARGETED_DEVICE_FAMILY = "1,2";
				TEST_TARGET_NAME = Posterr;
			};
			name = Debug;
		};
		BD0765AC28BBD50100725121 /* Release */ = {
			isa = XCBuildConfiguration;
			baseConfigurationReference = E881794673D885763BB0641C /* Pods-PosterrUITests.release.xcconfig */;
			buildSettings = {
				ALWAYS_EMBED_SWIFT_STANDARD_LIBRARIES = YES;
				CODE_SIGN_STYLE = Automatic;
				CURRENT_PROJECT_VERSION = 1;
				GENERATE_INFOPLIST_FILE = YES;
				LD_RUNPATH_SEARCH_PATHS = (
					"$(inherited)",
					"@executable_path/Frameworks",
					"@loader_path/Frameworks",
				);
				MARKETING_VERSION = 1.0;
				PRODUCT_BUNDLE_IDENTIFIER = com.mmarques.posterr.PosterrUITests;
				PRODUCT_NAME = "$(TARGET_NAME)";
				SWIFT_EMIT_LOC_STRINGS = NO;
				SWIFT_VERSION = 5.0;
				TARGETED_DEVICE_FAMILY = "1,2";
				TEST_TARGET_NAME = Posterr;
			};
			name = Release;
		};
/* End XCBuildConfiguration section */

/* Begin XCConfigurationList section */
		BD07657528BBD4FE00725121 /* Build configuration list for PBXProject "Posterr" */ = {
			isa = XCConfigurationList;
			buildConfigurations = (
				BD0765A228BBD50100725121 /* Debug */,
				BD0765A328BBD50100725121 /* Release */,
			);
			defaultConfigurationIsVisible = 0;
			defaultConfigurationName = Release;
		};
		BD0765A428BBD50100725121 /* Build configuration list for PBXNativeTarget "Posterr" */ = {
			isa = XCConfigurationList;
			buildConfigurations = (
				BD0765A528BBD50100725121 /* Debug */,
				BD0765A628BBD50100725121 /* Release */,
			);
			defaultConfigurationIsVisible = 0;
			defaultConfigurationName = Release;
		};
		BD0765A728BBD50100725121 /* Build configuration list for PBXNativeTarget "PosterrTests" */ = {
			isa = XCConfigurationList;
			buildConfigurations = (
				BD0765A828BBD50100725121 /* Debug */,
				BD0765A928BBD50100725121 /* Release */,
			);
			defaultConfigurationIsVisible = 0;
			defaultConfigurationName = Release;
		};
		BD0765AA28BBD50100725121 /* Build configuration list for PBXNativeTarget "PosterrUITests" */ = {
			isa = XCConfigurationList;
			buildConfigurations = (
				BD0765AB28BBD50100725121 /* Debug */,
				BD0765AC28BBD50100725121 /* Release */,
			);
			defaultConfigurationIsVisible = 0;
			defaultConfigurationName = Release;
		};
/* End XCConfigurationList section */
	};
	rootObject = BD07657228BBD4FE00725121 /* Project object */;
}
